// !$*UTF8*$!
{
	archiveVersion = 1;
	classes = {
	};
	objectVersion = 46;
	objects = {

/* Begin PBXBuildFile section */
		FDAF279A1A84BB7400E4DFFF /* AppDelegate.swift in Sources */ = {isa = PBXBuildFile; fileRef = FDAF27991A84BB7400E4DFFF /* AppDelegate.swift */; };
		FDAF279C1A84BB7400E4DFFF /* ViewController.swift in Sources */ = {isa = PBXBuildFile; fileRef = FDAF279B1A84BB7400E4DFFF /* ViewController.swift */; };
		FDAF279F1A84BB7400E4DFFF /* Main.storyboard in Resources */ = {isa = PBXBuildFile; fileRef = FDAF279D1A84BB7400E4DFFF /* Main.storyboard */; };
		FDAF27A11A84BB7400E4DFFF /* Images.xcassets in Resources */ = {isa = PBXBuildFile; fileRef = FDAF27A01A84BB7400E4DFFF /* Images.xcassets */; };
		FDAF27A41A84BB7400E4DFFF /* LaunchScreen.xib in Resources */ = {isa = PBXBuildFile; fileRef = FDAF27A21A84BB7400E4DFFF /* LaunchScreen.xib */; };
		FDAF27B01A84BB7400E4DFFF /* numberTestTests.swift in Sources */ = {isa = PBXBuildFile; fileRef = FDAF27AF1A84BB7400E4DFFF /* numberTestTests.swift */; };
		FDAF27BA1A84BE7200E4DFFF /* numberCount.swift in Sources */ = {isa = PBXBuildFile; fileRef = FDAF27B91A84BE7200E4DFFF /* numberCount.swift */; };
		FDAF27BC1A84C41400E4DFFF /* reset.png in Resources */ = {isa = PBXBuildFile; fileRef = FDAF27BB1A84C41400E4DFFF /* reset.png */; };
		FDAF27BE1A84C7CC00E4DFFF /* pushing-reset-button.jpg in Resources */ = {isa = PBXBuildFile; fileRef = FDAF27BD1A84C7CC00E4DFFF /* pushing-reset-button.jpg */; };
		FDAF27C21A84C95E00E4DFFF /* Number_1.png in Resources */ = {isa = PBXBuildFile; fileRef = FDAF27BF1A84C95E00E4DFFF /* Number_1.png */; };
		FDAF27C31A84C95E00E4DFFF /* number-3-in-light-blue-rounded-square-hi.png in Resources */ = {isa = PBXBuildFile; fileRef = FDAF27C01A84C95E00E4DFFF /* number-3-in-light-blue-rounded-square-hi.png */; };
		FDAF27C41A84C95E00E4DFFF /* blue-number-two-hi.png in Resources */ = {isa = PBXBuildFile; fileRef = FDAF27C11A84C95E00E4DFFF /* blue-number-two-hi.png */; };
		FDAF27C61A84C9F400E4DFFF /* dota2_mafia_by_biggreenpepper-d6tg5nk.jpg in Resources */ = {isa = PBXBuildFile; fileRef = FDAF27C51A84C9F400E4DFFF /* dota2_mafia_by_biggreenpepper-d6tg5nk.jpg */; };
/* End PBXBuildFile section */

/* Begin PBXContainerItemProxy section */
		FDAF27AA1A84BB7400E4DFFF /* PBXContainerItemProxy */ = {
			isa = PBXContainerItemProxy;
			containerPortal = FDAF278C1A84BB7400E4DFFF /* Project object */;
			proxyType = 1;
			remoteGlobalIDString = FDAF27931A84BB7400E4DFFF;
			remoteInfo = numberTest;
		};
/* End PBXContainerItemProxy section */

/* Begin PBXFileReference section */
		FDAF27941A84BB7400E4DFFF /* numberTest.app */ = {isa = PBXFileReference; explicitFileType = wrapper.application; includeInIndex = 0; path = numberTest.app; sourceTree = BUILT_PRODUCTS_DIR; };
		FDAF27981A84BB7400E4DFFF /* Info.plist */ = {isa = PBXFileReference; lastKnownFileType = text.plist.xml; path = Info.plist; sourceTree = "<group>"; };
		FDAF27991A84BB7400E4DFFF /* AppDelegate.swift */ = {isa = PBXFileReference; lastKnownFileType = sourcecode.swift; path = AppDelegate.swift; sourceTree = "<group>"; };
		FDAF279B1A84BB7400E4DFFF /* ViewController.swift */ = {isa = PBXFileReference; lastKnownFileType = sourcecode.swift; path = ViewController.swift; sourceTree = "<group>"; };
		FDAF279E1A84BB7400E4DFFF /* Base */ = {isa = PBXFileReference; lastKnownFileType = file.storyboard; name = Base; path = Base.lproj/Main.storyboard; sourceTree = "<group>"; };
		FDAF27A01A84BB7400E4DFFF /* Images.xcassets */ = {isa = PBXFileReference; lastKnownFileType = folder.assetcatalog; path = Images.xcassets; sourceTree = "<group>"; };
		FDAF27A31A84BB7400E4DFFF /* Base */ = {isa = PBXFileReference; lastKnownFileType = file.xib; name = Base; path = Base.lproj/LaunchScreen.xib; sourceTree = "<group>"; };
		FDAF27A91A84BB7400E4DFFF /* numberTestTests.xctest */ = {isa = PBXFileReference; explicitFileType = wrapper.cfbundle; includeInIndex = 0; path = numberTestTests.xctest; sourceTree = BUILT_PRODUCTS_DIR; };
		FDAF27AE1A84BB7400E4DFFF /* Info.plist */ = {isa = PBXFileReference; lastKnownFileType = text.plist.xml; path = Info.plist; sourceTree = "<group>"; };
		FDAF27AF1A84BB7400E4DFFF /* numberTestTests.swift */ = {isa = PBXFileReference; lastKnownFileType = sourcecode.swift; path = numberTestTests.swift; sourceTree = "<group>"; };
		FDAF27B91A84BE7200E4DFFF /* numberCount.swift */ = {isa = PBXFileReference; fileEncoding = 4; lastKnownFileType = sourcecode.swift; path = numberCount.swift; sourceTree = "<group>"; };
		FDAF27BB1A84C41400E4DFFF /* reset.png */ = {isa = PBXFileReference; lastKnownFileType = image.png; path = reset.png; sourceTree = "<group>"; };
		FDAF27BD1A84C7CC00E4DFFF /* pushing-reset-button.jpg */ = {isa = PBXFileReference; lastKnownFileType = image.jpeg; path = "pushing-reset-button.jpg"; sourceTree = "<group>"; };
		FDAF27BF1A84C95E00E4DFFF /* Number_1.png */ = {isa = PBXFileReference; lastKnownFileType = image.png; path = Number_1.png; sourceTree = "<group>"; };
		FDAF27C01A84C95E00E4DFFF /* number-3-in-light-blue-rounded-square-hi.png */ = {isa = PBXFileReference; lastKnownFileType = image.png; path = "number-3-in-light-blue-rounded-square-hi.png"; sourceTree = "<group>"; };
		FDAF27C11A84C95E00E4DFFF /* blue-number-two-hi.png */ = {isa = PBXFileReference; lastKnownFileType = image.png; path = "blue-number-two-hi.png"; sourceTree = "<group>"; };
		FDAF27C51A84C9F400E4DFFF /* dota2_mafia_by_biggreenpepper-d6tg5nk.jpg */ = {isa = PBXFileReference; lastKnownFileType = image.jpeg; path = "dota2_mafia_by_biggreenpepper-d6tg5nk.jpg"; sourceTree = "<group>"; };
/* End PBXFileReference section */

/* Begin PBXFrameworksBuildPhase section */
		FDAF27911A84BB7400E4DFFF /* Frameworks */ = {
			isa = PBXFrameworksBuildPhase;
			buildActionMask = 2147483647;
			files = (
			);
			runOnlyForDeploymentPostprocessing = 0;
		};
		FDAF27A61A84BB7400E4DFFF /* Frameworks */ = {
			isa = PBXFrameworksBuildPhase;
			buildActionMask = 2147483647;
			files = (
			);
			runOnlyForDeploymentPostprocessing = 0;
		};
/* End PBXFrameworksBuildPhase section */

/* Begin PBXGroup section */
		FDAF278B1A84BB7400E4DFFF = {
			isa = PBXGroup;
			children = (
				FDAF27961A84BB7400E4DFFF /* numberTest */,
				FDAF27AC1A84BB7400E4DFFF /* numberTestTests */,
				FDAF27951A84BB7400E4DFFF /* Products */,
			);
			sourceTree = "<group>";
		};
		FDAF27951A84BB7400E4DFFF /* Products */ = {
			isa = PBXGroup;
			children = (
				FDAF27941A84BB7400E4DFFF /* numberTest.app */,
				FDAF27A91A84BB7400E4DFFF /* numberTestTests.xctest */,
			);
			name = Products;
			sourceTree = "<group>";
		};
		FDAF27961A84BB7400E4DFFF /* numberTest */ = {
			isa = PBXGroup;
			children = (
				FDAF27991A84BB7400E4DFFF /* AppDelegate.swift */,
				FDAF279B1A84BB7400E4DFFF /* ViewController.swift */,
				FDAF279D1A84BB7400E4DFFF /* Main.storyboard */,
				FDAF27B91A84BE7200E4DFFF /* numberCount.swift */,
				FDAF27A01A84BB7400E4DFFF /* Images.xcassets */,
				FDAF27A21A84BB7400E4DFFF /* LaunchScreen.xib */,
				FDAF27971A84BB7400E4DFFF /* Supporting Files */,
			);
			path = numberTest;
			sourceTree = "<group>";
		};
		FDAF27971A84BB7400E4DFFF /* Supporting Files */ = {
			isa = PBXGroup;
			children = (
				FDAF27C51A84C9F400E4DFFF /* dota2_mafia_by_biggreenpepper-d6tg5nk.jpg */,
				FDAF27BF1A84C95E00E4DFFF /* Number_1.png */,
				FDAF27C01A84C95E00E4DFFF /* number-3-in-light-blue-rounded-square-hi.png */,
				FDAF27C11A84C95E00E4DFFF /* blue-number-two-hi.png */,
				FDAF27BD1A84C7CC00E4DFFF /* pushing-reset-button.jpg */,
				FDAF27BB1A84C41400E4DFFF /* reset.png */,
				FDAF27981A84BB7400E4DFFF /* Info.plist */,
			);
			name = "Supporting Files";
			sourceTree = "<group>";
		};
		FDAF27AC1A84BB7400E4DFFF /* numberTestTests */ = {
			isa = PBXGroup;
			children = (
				FDAF27AF1A84BB7400E4DFFF /* numberTestTests.swift */,
				FDAF27AD1A84BB7400E4DFFF /* Supporting Files */,
			);
			path = numberTestTests;
			sourceTree = "<group>";
		};
		FDAF27AD1A84BB7400E4DFFF /* Supporting Files */ = {
			isa = PBXGroup;
			children = (
				FDAF27AE1A84BB7400E4DFFF /* Info.plist */,
			);
			name = "Supporting Files";
			sourceTree = "<group>";
		};
/* End PBXGroup section */

/* Begin PBXNativeTarget section */
		FDAF27931A84BB7400E4DFFF /* numberTest */ = {
			isa = PBXNativeTarget;
			buildConfigurationList = FDAF27B31A84BB7400E4DFFF /* Build configuration list for PBXNativeTarget "numberTest" */;
			buildPhases = (
				FDAF27901A84BB7400E4DFFF /* Sources */,
				FDAF27911A84BB7400E4DFFF /* Frameworks */,
				FDAF27921A84BB7400E4DFFF /* Resources */,
			);
			buildRules = (
			);
			dependencies = (
			);
			name = numberTest;
			productName = numberTest;
			productReference = FDAF27941A84BB7400E4DFFF /* numberTest.app */;
			productType = "com.apple.product-type.application";
		};
		FDAF27A81A84BB7400E4DFFF /* numberTestTests */ = {
			isa = PBXNativeTarget;
			buildConfigurationList = FDAF27B61A84BB7400E4DFFF /* Build configuration list for PBXNativeTarget "numberTestTests" */;
			buildPhases = (
				FDAF27A51A84BB7400E4DFFF /* Sources */,
				FDAF27A61A84BB7400E4DFFF /* Frameworks */,
				FDAF27A71A84BB7400E4DFFF /* Resources */,
			);
			buildRules = (
			);
			dependencies = (
				FDAF27AB1A84BB7400E4DFFF /* PBXTargetDependency */,
			);
			name = numberTestTests;
			productName = numberTestTests;
			productReference = FDAF27A91A84BB7400E4DFFF /* numberTestTests.xctest */;
			productType = "com.apple.product-type.bundle.unit-test";
		};
/* End PBXNativeTarget section */

/* Begin PBXProject section */
		FDAF278C1A84BB7400E4DFFF /* Project object */ = {
			isa = PBXProject;
			attributes = {
				LastUpgradeCheck = 0600;
				ORGANIZATIONNAME = iStudents;
				TargetAttributes = {
					FDAF27931A84BB7400E4DFFF = {
						CreatedOnToolsVersion = 6.0;
					};
					FDAF27A81A84BB7400E4DFFF = {
						CreatedOnToolsVersion = 6.0;
						TestTargetID = FDAF27931A84BB7400E4DFFF;
					};
				};
			};
			buildConfigurationList = FDAF278F1A84BB7400E4DFFF /* Build configuration list for PBXProject "numberTest" */;
			compatibilityVersion = "Xcode 3.2";
			developmentRegion = English;
			hasScannedForEncodings = 0;
			knownRegions = (
				en,
				Base,
			);
			mainGroup = FDAF278B1A84BB7400E4DFFF;
			productRefGroup = FDAF27951A84BB7400E4DFFF /* Products */;
			projectDirPath = "";
			projectRoot = "";
			targets = (
				FDAF27931A84BB7400E4DFFF /* numberTest */,
				FDAF27A81A84BB7400E4DFFF /* numberTestTests */,
			);
		};
/* End PBXProject section */

/* Begin PBXResourcesBuildPhase section */
		FDAF27921A84BB7400E4DFFF /* Resources */ = {
			isa = PBXResourcesBuildPhase;
			buildActionMask = 2147483647;
			files = (
				FDAF27C21A84C95E00E4DFFF /* Number_1.png in Resources */,
				FDAF27BE1A84C7CC00E4DFFF /* pushing-reset-button.jpg in Resources */,
				FDAF279F1A84BB7400E4DFFF /* Main.storyboard in Resources */,
				FDAF27C61A84C9F400E4DFFF /* dota2_mafia_by_biggreenpepper-d6tg5nk.jpg in Resources */,
				FDAF27A41A84BB7400E4DFFF /* LaunchScreen.xib in Resources */,
				FDAF27C41A84C95E00E4DFFF /* blue-number-two-hi.png in Resources */,
				FDAF27A11A84BB7400E4DFFF /* Images.xcassets in Resources */,
				FDAF27C31A84C95E00E4DFFF /* number-3-in-light-blue-rounded-square-hi.png in Resources */,
				FDAF27BC1A84C41400E4DFFF /* reset.png in Resources */,
			);
			runOnlyForDeploymentPostprocessing = 0;
		};
		FDAF27A71A84BB7400E4DFFF /* Resources */ = {
			isa = PBXResourcesBuildPhase;
			buildActionMask = 2147483647;
			files = (
			);
			runOnlyForDeploymentPostprocessing = 0;
		};
/* End PBXResourcesBuildPhase section */

/* Begin PBXSourcesBuildPhase section */
		FDAF27901A84BB7400E4DFFF /* Sources */ = {
			isa = PBXSourcesBuildPhase;
			buildActionMask = 2147483647;
			files = (
				FDAF27BA1A84BE7200E4DFFF /* numberCount.swift in Sources */,
				FDAF279C1A84BB7400E4DFFF /* ViewController.swift in Sources */,
				FDAF279A1A84BB7400E4DFFF /* AppDelegate.swift in Sources */,
			);
			runOnlyForDeploymentPostprocessing = 0;
		};
		FDAF27A51A84BB7400E4DFFF /* Sources */ = {
			isa = PBXSourcesBuildPhase;
			buildActionMask = 2147483647;
			files = (
				FDAF27B01A84BB7400E4DFFF /* numberTestTests.swift in Sources */,
			);
			runOnlyForDeploymentPostprocessing = 0;
		};
/* End PBXSourcesBuildPhase section */

/* Begin PBXTargetDependency section */
		FDAF27AB1A84BB7400E4DFFF /* PBXTargetDependency */ = {
			isa = PBXTargetDependency;
			target = FDAF27931A84BB7400E4DFFF /* numberTest */;
			targetProxy = FDAF27AA1A84BB7400E4DFFF /* PBXContainerItemProxy */;
		};
/* End PBXTargetDependency section */

/* Begin PBXVariantGroup section */
		FDAF279D1A84BB7400E4DFFF /* Main.storyboard */ = {
			isa = PBXVariantGroup;
			children = (
				FDAF279E1A84BB7400E4DFFF /* Base */,
			);
			name = Main.storyboard;
			sourceTree = "<group>";
		};
		FDAF27A21A84BB7400E4DFFF /* LaunchScreen.xib */ = {
			isa = PBXVariantGroup;
			children = (
				FDAF27A31A84BB7400E4DFFF /* Base */,
			);
			name = LaunchScreen.xib;
			sourceTree = "<group>";
		};
/* End PBXVariantGroup section */

/* Begin XCBuildConfiguration section */
		FDAF27B11A84BB7400E4DFFF /* Debug */ = {
			isa = XCBuildConfiguration;
			buildSettings = {
				ALWAYS_SEARCH_USER_PATHS = NO;
				CLANG_CXX_LANGUAGE_STANDARD = "gnu++0x";
				CLANG_CXX_LIBRARY = "libc++";
				CLANG_ENABLE_MODULES = YES;
				CLANG_ENABLE_OBJC_ARC = YES;
				CLANG_WARN_BOOL_CONVERSION = YES;
				CLANG_WARN_CONSTANT_CONVERSION = YES;
				CLANG_WARN_DIRECT_OBJC_ISA_USAGE = YES_ERROR;
				CLANG_WARN_EMPTY_BODY = YES;
				CLANG_WARN_ENUM_CONVERSION = YES;
				CLANG_WARN_INT_CONVERSION = YES;
				CLANG_WARN_OBJC_ROOT_CLASS = YES_ERROR;
				CLANG_WARN_UNREACHABLE_CODE = YES;
				CLANG_WARN__DUPLICATE_METHOD_MATCH = YES;
				"CODE_SIGN_IDENTITY[sdk=iphoneos*]" = "iPhone Developer";
				COPY_PHASE_STRIP = NO;
				ENABLE_STRICT_OBJC_MSGSEND = YES;
				GCC_C_LANGUAGE_STANDARD = gnu99;
				GCC_DYNAMIC_NO_PIC = NO;
				GCC_OPTIMIZATION_LEVEL = 0;
				GCC_PREPROCESSOR_DEFINITIONS = (
					"DEBUG=1",
					"$(inherited)",
				);
				GCC_SYMBOLS_PRIVATE_EXTERN = NO;
				GCC_WARN_64_TO_32_BIT_CONVERSION = YES;
				GCC_WARN_ABOUT_RETURN_TYPE = YES_ERROR;
				GCC_WARN_UNDECLARED_SELECTOR = YES;
				GCC_WARN_UNINITIALIZED_AUTOS = YES_AGGRESSIVE;
				GCC_WARN_UNUSED_FUNCTION = YES;
				GCC_WARN_UNUSED_VARIABLE = YES;
				IPHONEOS_DEPLOYMENT_TARGET = 8.0;
				MTL_ENABLE_DEBUG_INFO = YES;
				ONLY_ACTIVE_ARCH = YES;
				SDKROOT = iphoneos;
				SWIFT_OPTIMIZATION_LEVEL = "-Onone";
			};
			name = Debug;
		};
		FDAF27B21A84BB7400E4DFFF /* Release */ = {
			isa = XCBuildConfiguration;
			buildSettings = {
				ALWAYS_SEARCH_USER_PATHS = NO;
				CLANG_CXX_LANGUAGE_STANDARD = "gnu++0x";
				CLANG_CXX_LIBRARY = "libc++";
				CLANG_ENABLE_MODULES = YES;
				CLANG_ENABLE_OBJC_ARC = YES;
				CLANG_WARN_BOOL_CONVERSION = YES;
				CLANG_WARN_CONSTANT_CONVERSION = YES;
				CLANG_WARN_DIRECT_OBJC_ISA_USAGE = YES_ERROR;
				CLANG_WARN_EMPTY_BODY = YES;
				CLANG_WARN_ENUM_CONVERSION = YES;
				CLANG_WARN_INT_CONVERSION = YES;
				CLANG_WARN_OBJC_ROOT_CLASS = YES_ERROR;
				CLANG_WARN_UNREACHABLE_CODE = YES;
				CLANG_WARN__DUPLICATE_METHOD_MATCH = YES;
				"CODE_SIGN_IDENTITY[sdk=iphoneos*]" = "iPhone Developer";
				COPY_PHASE_STRIP = YES;
				ENABLE_NS_ASSERTIONS = NO;
				ENABLE_STRICT_OBJC_MSGSEND = YES;
				GCC_C_LANGUAGE_STANDARD = gnu99;
				GCC_WARN_64_TO_32_BIT_CONVERSION = YES;
				GCC_WARN_ABOUT_RETURN_TYPE = YES_ERROR;
				GCC_WARN_UNDECLARED_SELECTOR = YES;
				GCC_WARN_UNINITIALIZED_AUTOS = YES_AGGRESSIVE;
				GCC_WARN_UNUSED_FUNCTION = YES;
				GCC_WARN_UNUSED_VARIABLE = YES;
				IPHONEOS_DEPLOYMENT_TARGET = 8.0;
				MTL_ENABLE_DEBUG_INFO = NO;
				SDKROOT = iphoneos;
				VALIDATE_PRODUCT = YES;
			};
			name = Release;
		};
		FDAF27B41A84BB7400E4DFFF /* Debug */ = {
			isa = XCBuildConfiguration;
			buildSettings = {
				ASSETCATALOG_COMPILER_APPICON_NAME = AppIcon;
				INFOPLIST_FILE = numberTest/Info.plist;
				LD_RUNPATH_SEARCH_PATHS = "$(inherited) @executable_path/Frameworks";
				PRODUCT_NAME = "$(TARGET_NAME)";
			};
			name = Debug;
		};
		FDAF27B51A84BB7400E4DFFF /* Release */ = {
			isa = XCBuildConfiguration;
			buildSettings = {
				ASSETCATALOG_COMPILER_APPICON_NAME = AppIcon;
				INFOPLIST_FILE = numberTest/Info.plist;
				LD_RUNPATH_SEARCH_PATHS = "$(inherited) @executable_path/Frameworks";
				PRODUCT_NAME = "$(TARGET_NAME)";
			};
			name = Release;
		};
		FDAF27B71A84BB7400E4DFFF /* Debug */ = {
			isa = XCBuildConfiguration;
			buildSettings = {
				BUNDLE_LOADER = "$(TEST_HOST)";
				FRAMEWORK_SEARCH_PATHS = (
					"$(SDKROOT)/Developer/Library/Frameworks",
					"$(inherited)",
				);
				GCC_PREPROCESSOR_DEFINITIONS = (
					"DEBUG=1",
					"$(inherited)",
				);
				INFOPLIST_FILE = numberTestTests/Info.plist;
				LD_RUNPATH_SEARCH_PATHS = "$(inherited) @executable_path/Frameworks @loader_path/Frameworks";
				PRODUCT_NAME = "$(TARGET_NAME)";
				TEST_HOST = "$(BUILT_PRODUCTS_DIR)/numberTest.app/numberTest";
			};
			name = Debug;
		};
		FDAF27B81A84BB7400E4DFFF /* Release */ = {
			isa = XCBuildConfiguration;
			buildSettings = {
				BUNDLE_LOADER = "$(TEST_HOST)";
				FRAMEWORK_SEARCH_PATHS = (
					"$(SDKROOT)/Developer/Library/Frameworks",
					"$(inherited)",
				);
				INFOPLIST_FILE = numberTestTests/Info.plist;
				LD_RUNPATH_SEARCH_PATHS = "$(inherited) @executable_path/Frameworks @loader_path/Frameworks";
				PRODUCT_NAME = "$(TARGET_NAME)";
				TEST_HOST = "$(BUILT_PRODUCTS_DIR)/numberTest.app/numberTest";
			};
			name = Release;
		};
/* End XCBuildConfiguration section */

/* Begin XCConfigurationList section */
		FDAF278F1A84BB7400E4DFFF /* Build configuration list for PBXProject "numberTest" */ = {
			isa = XCConfigurationList;
			buildConfigurations = (
				FDAF27B11A84BB7400E4DFFF /* Debug */,
				FDAF27B21A84BB7400E4DFFF /* Release */,
			);
			defaultConfigurationIsVisible = 0;
			defaultConfigurationName = Release;
		};
		FDAF27B31A84BB7400E4DFFF /* Build configuration list for PBXNativeTarget "numberTest" */ = {
			isa = XCConfigurationList;
			buildConfigurations = (
				FDAF27B41A84BB7400E4DFFF /* Debug */,
				FDAF27B51A84BB7400E4DFFF /* Release */,
			);
			defaultConfigurationIsVisible = 0;
		};
		FDAF27B61A84BB7400E4DFFF /* Build configuration list for PBXNativeTarget "numberTestTests" */ = {
			isa = XCConfigurationList;
			buildConfigurations = (
				FDAF27B71A84BB7400E4DFFF /* Debug */,
				FDAF27B81A84BB7400E4DFFF /* Release */,
			);
			defaultConfigurationIsVisible = 0;
		};
/* End XCConfigurationList section */
	};
	rootObject = FDAF278C1A84BB7400E4DFFF /* Project object */;
}
