// !$*UTF8*$!
{
	archiveVersion = 1;
	classes = {
	};
	objectVersion = 46;
	objects = {

/* Begin PBXBuildFile section */
		FDE52AE41AC5556100902FF9 /* AppDelegate.swift in Sources */ = {isa = PBXBuildFile; fileRef = FDE52AE31AC5556100902FF9 /* AppDelegate.swift */; };
		FDE52AE61AC5556100902FF9 /* ViewController.swift in Sources */ = {isa = PBXBuildFile; fileRef = FDE52AE51AC5556100902FF9 /* ViewController.swift */; };
		FDE52AE91AC5556100902FF9 /* Main.storyboard in Resources */ = {isa = PBXBuildFile; fileRef = FDE52AE71AC5556100902FF9 /* Main.storyboard */; };
		FDE52AEB1AC5556100902FF9 /* Images.xcassets in Resources */ = {isa = PBXBuildFile; fileRef = FDE52AEA1AC5556100902FF9 /* Images.xcassets */; };
		FDE52AEE1AC5556100902FF9 /* LaunchScreen.xib in Resources */ = {isa = PBXBuildFile; fileRef = FDE52AEC1AC5556100902FF9 /* LaunchScreen.xib */; };
		FDE52AFA1AC5556200902FF9 /* animate_As2Tests.swift in Sources */ = {isa = PBXBuildFile; fileRef = FDE52AF91AC5556200902FF9 /* animate_As2Tests.swift */; };
		FDE52B041AC55A3B00902FF9 /* Tigger.png in Resources */ = {isa = PBXBuildFile; fileRef = FDE52B031AC55A3B00902FF9 /* Tigger.png */; };
/* End PBXBuildFile section */

/* Begin PBXContainerItemProxy section */
		FDE52AF41AC5556200902FF9 /* PBXContainerItemProxy */ = {
			isa = PBXContainerItemProxy;
			containerPortal = FDE52AD61AC5556100902FF9 /* Project object */;
			proxyType = 1;
			remoteGlobalIDString = FDE52ADD1AC5556100902FF9;
			remoteInfo = animate_As2;
		};
/* End PBXContainerItemProxy section */

/* Begin PBXFileReference section */
		FDE52ADE1AC5556100902FF9 /* animate_As2.app */ = {isa = PBXFileReference; explicitFileType = wrapper.application; includeInIndex = 0; path = animate_As2.app; sourceTree = BUILT_PRODUCTS_DIR; };
		FDE52AE21AC5556100902FF9 /* Info.plist */ = {isa = PBXFileReference; lastKnownFileType = text.plist.xml; path = Info.plist; sourceTree = "<group>"; };
		FDE52AE31AC5556100902FF9 /* AppDelegate.swift */ = {isa = PBXFileReference; lastKnownFileType = sourcecode.swift; path = AppDelegate.swift; sourceTree = "<group>"; };
		FDE52AE51AC5556100902FF9 /* ViewController.swift */ = {isa = PBXFileReference; lastKnownFileType = sourcecode.swift; path = ViewController.swift; sourceTree = "<group>"; };
		FDE52AE81AC5556100902FF9 /* Base */ = {isa = PBXFileReference; lastKnownFileType = file.storyboard; name = Base; path = Base.lproj/Main.storyboard; sourceTree = "<group>"; };
		FDE52AEA1AC5556100902FF9 /* Images.xcassets */ = {isa = PBXFileReference; lastKnownFileType = folder.assetcatalog; path = Images.xcassets; sourceTree = "<group>"; };
		FDE52AED1AC5556100902FF9 /* Base */ = {isa = PBXFileReference; lastKnownFileType = file.xib; name = Base; path = Base.lproj/LaunchScreen.xib; sourceTree = "<group>"; };
		FDE52AF31AC5556200902FF9 /* animate_As2Tests.xctest */ = {isa = PBXFileReference; explicitFileType = wrapper.cfbundle; includeInIndex = 0; path = animate_As2Tests.xctest; sourceTree = BUILT_PRODUCTS_DIR; };
		FDE52AF81AC5556200902FF9 /* Info.plist */ = {isa = PBXFileReference; lastKnownFileType = text.plist.xml; path = Info.plist; sourceTree = "<group>"; };
		FDE52AF91AC5556200902FF9 /* animate_As2Tests.swift */ = {isa = PBXFileReference; lastKnownFileType = sourcecode.swift; path = animate_As2Tests.swift; sourceTree = "<group>"; };
		FDE52B031AC55A3B00902FF9 /* Tigger.png */ = {isa = PBXFileReference; lastKnownFileType = image.png; path = Tigger.png; sourceTree = "<group>"; };
/* End PBXFileReference section */

/* Begin PBXFrameworksBuildPhase section */
		FDE52ADB1AC5556100902FF9 /* Frameworks */ = {
			isa = PBXFrameworksBuildPhase;
			buildActionMask = 2147483647;
			files = (
			);
			runOnlyForDeploymentPostprocessing = 0;
		};
		FDE52AF01AC5556200902FF9 /* Frameworks */ = {
			isa = PBXFrameworksBuildPhase;
			buildActionMask = 2147483647;
			files = (
			);
			runOnlyForDeploymentPostprocessing = 0;
		};
/* End PBXFrameworksBuildPhase section */

/* Begin PBXGroup section */
		FDE52AD51AC5556100902FF9 = {
			isa = PBXGroup;
			children = (
				FDE52AE01AC5556100902FF9 /* animate_As2 */,
				FDE52AF61AC5556200902FF9 /* animate_As2Tests */,
				FDE52ADF1AC5556100902FF9 /* Products */,
			);
			sourceTree = "<group>";
		};
		FDE52ADF1AC5556100902FF9 /* Products */ = {
			isa = PBXGroup;
			children = (
				FDE52ADE1AC5556100902FF9 /* animate_As2.app */,
				FDE52AF31AC5556200902FF9 /* animate_As2Tests.xctest */,
			);
			name = Products;
			sourceTree = "<group>";
		};
		FDE52AE01AC5556100902FF9 /* animate_As2 */ = {
			isa = PBXGroup;
			children = (
				FDE52AE31AC5556100902FF9 /* AppDelegate.swift */,
				FDE52AE51AC5556100902FF9 /* ViewController.swift */,
				FDE52AE71AC5556100902FF9 /* Main.storyboard */,
				FDE52AEA1AC5556100902FF9 /* Images.xcassets */,
				FDE52AEC1AC5556100902FF9 /* LaunchScreen.xib */,
				FDE52AE11AC5556100902FF9 /* Supporting Files */,
			);
			path = animate_As2;
			sourceTree = "<group>";
		};
		FDE52AE11AC5556100902FF9 /* Supporting Files */ = {
			isa = PBXGroup;
			children = (
				FDE52B031AC55A3B00902FF9 /* Tigger.png */,
				FDE52AE21AC5556100902FF9 /* Info.plist */,
			);
			name = "Supporting Files";
			sourceTree = "<group>";
		};
		FDE52AF61AC5556200902FF9 /* animate_As2Tests */ = {
			isa = PBXGroup;
			children = (
				FDE52AF91AC5556200902FF9 /* animate_As2Tests.swift */,
				FDE52AF71AC5556200902FF9 /* Supporting Files */,
			);
			path = animate_As2Tests;
			sourceTree = "<group>";
		};
		FDE52AF71AC5556200902FF9 /* Supporting Files */ = {
			isa = PBXGroup;
			children = (
				FDE52AF81AC5556200902FF9 /* Info.plist */,
			);
			name = "Supporting Files";
			sourceTree = "<group>";
		};
/* End PBXGroup section */

/* Begin PBXNativeTarget section */
		FDE52ADD1AC5556100902FF9 /* animate_As2 */ = {
			isa = PBXNativeTarget;
			buildConfigurationList = FDE52AFD1AC5556200902FF9 /* Build configuration list for PBXNativeTarget "animate_As2" */;
			buildPhases = (
				FDE52ADA1AC5556100902FF9 /* Sources */,
				FDE52ADB1AC5556100902FF9 /* Frameworks */,
				FDE52ADC1AC5556100902FF9 /* Resources */,
			);
			buildRules = (
			);
			dependencies = (
			);
			name = animate_As2;
			productName = animate_As2;
			productReference = FDE52ADE1AC5556100902FF9 /* animate_As2.app */;
			productType = "com.apple.product-type.application";
		};
		FDE52AF21AC5556200902FF9 /* animate_As2Tests */ = {
			isa = PBXNativeTarget;
			buildConfigurationList = FDE52B001AC5556200902FF9 /* Build configuration list for PBXNativeTarget "animate_As2Tests" */;
			buildPhases = (
				FDE52AEF1AC5556200902FF9 /* Sources */,
				FDE52AF01AC5556200902FF9 /* Frameworks */,
				FDE52AF11AC5556200902FF9 /* Resources */,
			);
			buildRules = (
			);
			dependencies = (
				FDE52AF51AC5556200902FF9 /* PBXTargetDependency */,
			);
			name = animate_As2Tests;
			productName = animate_As2Tests;
			productReference = FDE52AF31AC5556200902FF9 /* animate_As2Tests.xctest */;
			productType = "com.apple.product-type.bundle.unit-test";
		};
/* End PBXNativeTarget section */

/* Begin PBXProject section */
		FDE52AD61AC5556100902FF9 /* Project object */ = {
			isa = PBXProject;
			attributes = {
				LastUpgradeCheck = 0600;
				ORGANIZATIONNAME = iStudents;
				TargetAttributes = {
					FDE52ADD1AC5556100902FF9 = {
						CreatedOnToolsVersion = 6.0;
					};
					FDE52AF21AC5556200902FF9 = {
						CreatedOnToolsVersion = 6.0;
						TestTargetID = FDE52ADD1AC5556100902FF9;
					};
				};
			};
			buildConfigurationList = FDE52AD91AC5556100902FF9 /* Build configuration list for PBXProject "animate_As2" */;
			compatibilityVersion = "Xcode 3.2";
			developmentRegion = English;
			hasScannedForEncodings = 0;
			knownRegions = (
				en,
				Base,
			);
			mainGroup = FDE52AD51AC5556100902FF9;
			productRefGroup = FDE52ADF1AC5556100902FF9 /* Products */;
			projectDirPath = "";
			projectRoot = "";
			targets = (
				FDE52ADD1AC5556100902FF9 /* animate_As2 */,
				FDE52AF21AC5556200902FF9 /* animate_As2Tests */,
			);
		};
/* End PBXProject section */

/* Begin PBXResourcesBuildPhase section */
		FDE52ADC1AC5556100902FF9 /* Resources */ = {
			isa = PBXResourcesBuildPhase;
			buildActionMask = 2147483647;
			files = (
				FDE52AE91AC5556100902FF9 /* Main.storyboard in Resources */,
				FDE52AEE1AC5556100902FF9 /* LaunchScreen.xib in Resources */,
				FDE52AEB1AC5556100902FF9 /* Images.xcassets in Resources */,
				FDE52B041AC55A3B00902FF9 /* Tigger.png in Resources */,
			);
			runOnlyForDeploymentPostprocessing = 0;
		};
		FDE52AF11AC5556200902FF9 /* Resources */ = {
			isa = PBXResourcesBuildPhase;
			buildActionMask = 2147483647;
			files = (
			);
			runOnlyForDeploymentPostprocessing = 0;
		};
/* End PBXResourcesBuildPhase section */

/* Begin PBXSourcesBuildPhase section */
		FDE52ADA1AC5556100902FF9 /* Sources */ = {
			isa = PBXSourcesBuildPhase;
			buildActionMask = 2147483647;
			files = (
				FDE52AE61AC5556100902FF9 /* ViewController.swift in Sources */,
				FDE52AE41AC5556100902FF9 /* AppDelegate.swift in Sources */,
			);
			runOnlyForDeploymentPostprocessing = 0;
		};
		FDE52AEF1AC5556200902FF9 /* Sources */ = {
			isa = PBXSourcesBuildPhase;
			buildActionMask = 2147483647;
			files = (
				FDE52AFA1AC5556200902FF9 /* animate_As2Tests.swift in Sources */,
			);
			runOnlyForDeploymentPostprocessing = 0;
		};
/* End PBXSourcesBuildPhase section */

/* Begin PBXTargetDependency section */
		FDE52AF51AC5556200902FF9 /* PBXTargetDependency */ = {
			isa = PBXTargetDependency;
			target = FDE52ADD1AC5556100902FF9 /* animate_As2 */;
			targetProxy = FDE52AF41AC5556200902FF9 /* PBXContainerItemProxy */;
		};
/* End PBXTargetDependency section */

/* Begin PBXVariantGroup section */
		FDE52AE71AC5556100902FF9 /* Main.storyboard */ = {
			isa = PBXVariantGroup;
			children = (
				FDE52AE81AC5556100902FF9 /* Base */,
			);
			name = Main.storyboard;
			sourceTree = "<group>";
		};
		FDE52AEC1AC5556100902FF9 /* LaunchScreen.xib */ = {
			isa = PBXVariantGroup;
			children = (
				FDE52AED1AC5556100902FF9 /* Base */,
			);
			name = LaunchScreen.xib;
			sourceTree = "<group>";
		};
/* End PBXVariantGroup section */

/* Begin XCBuildConfiguration section */
		FDE52AFB1AC5556200902FF9 /* Debug */ = {
			isa = XCBuildConfiguration;
			buildSettings = {
				ALWAYS_SEARCH_USER_PATHS = NO;
				CLANG_CXX_LANGUAGE_STANDARD = "gnu++0x";
				CLANG_CXX_LIBRARY = "libc++";
				CLANG_ENABLE_MODULES = YES;
				CLANG_ENABLE_OBJC_ARC = YES;
				CLANG_WARN_BOOL_CONVERSION = YES;
				CLANG_WARN_CONSTANT_CONVERSION = YES;
				CLANG_WARN_DIRECT_OBJC_ISA_USAGE = YES_ERROR;
				CLANG_WARN_EMPTY_BODY = YES;
				CLANG_WARN_ENUM_CONVERSION = YES;
				CLANG_WARN_INT_CONVERSION = YES;
				CLANG_WARN_OBJC_ROOT_CLASS = YES_ERROR;
				CLANG_WARN_UNREACHABLE_CODE = YES;
				CLANG_WARN__DUPLICATE_METHOD_MATCH = YES;
				"CODE_SIGN_IDENTITY[sdk=iphoneos*]" = "iPhone Developer";
				COPY_PHASE_STRIP = NO;
				ENABLE_STRICT_OBJC_MSGSEND = YES;
				GCC_C_LANGUAGE_STANDARD = gnu99;
				GCC_DYNAMIC_NO_PIC = NO;
				GCC_OPTIMIZATION_LEVEL = 0;
				GCC_PREPROCESSOR_DEFINITIONS = (
					"DEBUG=1",
					"$(inherited)",
				);
				GCC_SYMBOLS_PRIVATE_EXTERN = NO;
				GCC_WARN_64_TO_32_BIT_CONVERSION = YES;
				GCC_WARN_ABOUT_RETURN_TYPE = YES_ERROR;
				GCC_WARN_UNDECLARED_SELECTOR = YES;
				GCC_WARN_UNINITIALIZED_AUTOS = YES_AGGRESSIVE;
				GCC_WARN_UNUSED_FUNCTION = YES;
				GCC_WARN_UNUSED_VARIABLE = YES;
				IPHONEOS_DEPLOYMENT_TARGET = 8.0;
				MTL_ENABLE_DEBUG_INFO = YES;
				ONLY_ACTIVE_ARCH = YES;
				SDKROOT = iphoneos;
				SWIFT_OPTIMIZATION_LEVEL = "-Onone";
			};
			name = Debug;
		};
		FDE52AFC1AC5556200902FF9 /* Release */ = {
			isa = XCBuildConfiguration;
			buildSettings = {
				ALWAYS_SEARCH_USER_PATHS = NO;
				CLANG_CXX_LANGUAGE_STANDARD = "gnu++0x";
				CLANG_CXX_LIBRARY = "libc++";
				CLANG_ENABLE_MODULES = YES;
				CLANG_ENABLE_OBJC_ARC = YES;
				CLANG_WARN_BOOL_CONVERSION = YES;
				CLANG_WARN_CONSTANT_CONVERSION = YES;
				CLANG_WARN_DIRECT_OBJC_ISA_USAGE = YES_ERROR;
				CLANG_WARN_EMPTY_BODY = YES;
				CLANG_WARN_ENUM_CONVERSION = YES;
				CLANG_WARN_INT_CONVERSION = YES;
				CLANG_WARN_OBJC_ROOT_CLASS = YES_ERROR;
				CLANG_WARN_UNREACHABLE_CODE = YES;
				CLANG_WARN__DUPLICATE_METHOD_MATCH = YES;
				"CODE_SIGN_IDENTITY[sdk=iphoneos*]" = "iPhone Developer";
				COPY_PHASE_STRIP = YES;
				ENABLE_NS_ASSERTIONS = NO;
				ENABLE_STRICT_OBJC_MSGSEND = YES;
				GCC_C_LANGUAGE_STANDARD = gnu99;
				GCC_WARN_64_TO_32_BIT_CONVERSION = YES;
				GCC_WARN_ABOUT_RETURN_TYPE = YES_ERROR;
				GCC_WARN_UNDECLARED_SELECTOR = YES;
				GCC_WARN_UNINITIALIZED_AUTOS = YES_AGGRESSIVE;
				GCC_WARN_UNUSED_FUNCTION = YES;
				GCC_WARN_UNUSED_VARIABLE = YES;
				IPHONEOS_DEPLOYMENT_TARGET = 8.0;
				MTL_ENABLE_DEBUG_INFO = NO;
				SDKROOT = iphoneos;
				VALIDATE_PRODUCT = YES;
			};
			name = Release;
		};
		FDE52AFE1AC5556200902FF9 /* Debug */ = {
			isa = XCBuildConfiguration;
			buildSettings = {
				ASSETCATALOG_COMPILER_APPICON_NAME = AppIcon;
				INFOPLIST_FILE = animate_As2/Info.plist;
				LD_RUNPATH_SEARCH_PATHS = "$(inherited) @executable_path/Frameworks";
				PRODUCT_NAME = "$(TARGET_NAME)";
			};
			name = Debug;
		};
		FDE52AFF1AC5556200902FF9 /* Release */ = {
			isa = XCBuildConfiguration;
			buildSettings = {
				ASSETCATALOG_COMPILER_APPICON_NAME = AppIcon;
				INFOPLIST_FILE = animate_As2/Info.plist;
				LD_RUNPATH_SEARCH_PATHS = "$(inherited) @executable_path/Frameworks";
				PRODUCT_NAME = "$(TARGET_NAME)";
			};
			name = Release;
		};
		FDE52B011AC5556200902FF9 /* Debug */ = {
			isa = XCBuildConfiguration;
			buildSettings = {
				BUNDLE_LOADER = "$(TEST_HOST)";
				FRAMEWORK_SEARCH_PATHS = (
					"$(SDKROOT)/Developer/Library/Frameworks",
					"$(inherited)",
				);
				GCC_PREPROCESSOR_DEFINITIONS = (
					"DEBUG=1",
					"$(inherited)",
				);
				INFOPLIST_FILE = animate_As2Tests/Info.plist;
				LD_RUNPATH_SEARCH_PATHS = "$(inherited) @executable_path/Frameworks @loader_path/Frameworks";
				PRODUCT_NAME = "$(TARGET_NAME)";
				TEST_HOST = "$(BUILT_PRODUCTS_DIR)/animate_As2.app/animate_As2";
			};
			name = Debug;
		};
		FDE52B021AC5556200902FF9 /* Release */ = {
			isa = XCBuildConfiguration;
			buildSettings = {
				BUNDLE_LOADER = "$(TEST_HOST)";
				FRAMEWORK_SEARCH_PATHS = (
					"$(SDKROOT)/Developer/Library/Frameworks",
					"$(inherited)",
				);
				INFOPLIST_FILE = animate_As2Tests/Info.plist;
				LD_RUNPATH_SEARCH_PATHS = "$(inherited) @executable_path/Frameworks @loader_path/Frameworks";
				PRODUCT_NAME = "$(TARGET_NAME)";
				TEST_HOST = "$(BUILT_PRODUCTS_DIR)/animate_As2.app/animate_As2";
			};
			name = Release;
		};
/* End XCBuildConfiguration section */

/* Begin XCConfigurationList section */
		FDE52AD91AC5556100902FF9 /* Build configuration list for PBXProject "animate_As2" */ = {
			isa = XCConfigurationList;
			buildConfigurations = (
				FDE52AFB1AC5556200902FF9 /* Debug */,
				FDE52AFC1AC5556200902FF9 /* Release */,
			);
			defaultConfigurationIsVisible = 0;
			defaultConfigurationName = Release;
		};
		FDE52AFD1AC5556200902FF9 /* Build configuration list for PBXNativeTarget "animate_As2" */ = {
			isa = XCConfigurationList;
			buildConfigurations = (
				FDE52AFE1AC5556200902FF9 /* Debug */,
				FDE52AFF1AC5556200902FF9 /* Release */,
			);
			defaultConfigurationIsVisible = 0;
		};
		FDE52B001AC5556200902FF9 /* Build configuration list for PBXNativeTarget "animate_As2Tests" */ = {
			isa = XCConfigurationList;
			buildConfigurations = (
				FDE52B011AC5556200902FF9 /* Debug */,
				FDE52B021AC5556200902FF9 /* Release */,
			);
			defaultConfigurationIsVisible = 0;
		};
/* End XCConfigurationList section */
	};
	rootObject = FDE52AD61AC5556100902FF9 /* Project object */;
}
