// !$*UTF8*$!
{
	archiveVersion = 1;
	classes = {
	};
	objectVersion = 46;
	objects = {

/* Begin PBXBuildFile section */
		FD1B8A5B1AA98BA800B4BA0B /* AppDelegate.swift in Sources */ = {isa = PBXBuildFile; fileRef = FD1B8A5A1AA98BA800B4BA0B /* AppDelegate.swift */; };
		FD1B8A601AA98BA800B4BA0B /* Main.storyboard in Resources */ = {isa = PBXBuildFile; fileRef = FD1B8A5E1AA98BA800B4BA0B /* Main.storyboard */; };
		FD1B8A621AA98BA800B4BA0B /* Images.xcassets in Resources */ = {isa = PBXBuildFile; fileRef = FD1B8A611AA98BA800B4BA0B /* Images.xcassets */; };
		FD1B8A651AA98BA800B4BA0B /* LaunchScreen.xib in Resources */ = {isa = PBXBuildFile; fileRef = FD1B8A631AA98BA800B4BA0B /* LaunchScreen.xib */; };
		FD1B8A711AA98BA800B4BA0B /* msuInfoTests.swift in Sources */ = {isa = PBXBuildFile; fileRef = FD1B8A701AA98BA800B4BA0B /* msuInfoTests.swift */; };
		FD1B8A911AA9956200B4BA0B /* colorTwoViewController.swift in Sources */ = {isa = PBXBuildFile; fileRef = FD1B8A901AA9956200B4BA0B /* colorTwoViewController.swift */; };
		FD1B8A931AA9A6A800B4BA0B /* msu.jpg in Resources */ = {isa = PBXBuildFile; fileRef = FD1B8A921AA9A6A800B4BA0B /* msu.jpg */; };
		FD1B8A971AA9AFA500B4BA0B /* faculty.swift in Sources */ = {isa = PBXBuildFile; fileRef = FD1B8A961AA9AFA500B4BA0B /* faculty.swift */; };
		FD1B8A991AA9B0DE00B4BA0B /* data.swift in Sources */ = {isa = PBXBuildFile; fileRef = FD1B8A981AA9B0DE00B4BA0B /* data.swift */; };
		FD1B8A9B1AA9B36200B4BA0B /* ViewController.swift in Sources */ = {isa = PBXBuildFile; fileRef = FD1B8A9A1AA9B36200B4BA0B /* ViewController.swift */; };
/* End PBXBuildFile section */

/* Begin PBXContainerItemProxy section */
		FD1B8A6B1AA98BA800B4BA0B /* PBXContainerItemProxy */ = {
			isa = PBXContainerItemProxy;
			containerPortal = FD1B8A4D1AA98BA700B4BA0B /* Project object */;
			proxyType = 1;
			remoteGlobalIDString = FD1B8A541AA98BA800B4BA0B;
			remoteInfo = msuInfo;
		};
/* End PBXContainerItemProxy section */

/* Begin PBXFileReference section */
		FD1B8A551AA98BA800B4BA0B /* msuInfo.app */ = {isa = PBXFileReference; explicitFileType = wrapper.application; includeInIndex = 0; path = msuInfo.app; sourceTree = BUILT_PRODUCTS_DIR; };
		FD1B8A591AA98BA800B4BA0B /* Info.plist */ = {isa = PBXFileReference; lastKnownFileType = text.plist.xml; path = Info.plist; sourceTree = "<group>"; };
		FD1B8A5A1AA98BA800B4BA0B /* AppDelegate.swift */ = {isa = PBXFileReference; lastKnownFileType = sourcecode.swift; path = AppDelegate.swift; sourceTree = "<group>"; };
		FD1B8A5F1AA98BA800B4BA0B /* Base */ = {isa = PBXFileReference; lastKnownFileType = file.storyboard; name = Base; path = Base.lproj/Main.storyboard; sourceTree = "<group>"; };
		FD1B8A611AA98BA800B4BA0B /* Images.xcassets */ = {isa = PBXFileReference; lastKnownFileType = folder.assetcatalog; path = Images.xcassets; sourceTree = "<group>"; };
		FD1B8A641AA98BA800B4BA0B /* Base */ = {isa = PBXFileReference; lastKnownFileType = file.xib; name = Base; path = Base.lproj/LaunchScreen.xib; sourceTree = "<group>"; };
		FD1B8A6A1AA98BA800B4BA0B /* msuInfoTests.xctest */ = {isa = PBXFileReference; explicitFileType = wrapper.cfbundle; includeInIndex = 0; path = msuInfoTests.xctest; sourceTree = BUILT_PRODUCTS_DIR; };
		FD1B8A6F1AA98BA800B4BA0B /* Info.plist */ = {isa = PBXFileReference; lastKnownFileType = text.plist.xml; path = Info.plist; sourceTree = "<group>"; };
		FD1B8A701AA98BA800B4BA0B /* msuInfoTests.swift */ = {isa = PBXFileReference; lastKnownFileType = sourcecode.swift; path = msuInfoTests.swift; sourceTree = "<group>"; };
		FD1B8A901AA9956200B4BA0B /* colorTwoViewController.swift */ = {isa = PBXFileReference; fileEncoding = 4; lastKnownFileType = sourcecode.swift; path = colorTwoViewController.swift; sourceTree = "<group>"; };
		FD1B8A921AA9A6A800B4BA0B /* msu.jpg */ = {isa = PBXFileReference; lastKnownFileType = image.jpeg; path = msu.jpg; sourceTree = "<group>"; };
		FD1B8A961AA9AFA500B4BA0B /* faculty.swift */ = {isa = PBXFileReference; fileEncoding = 4; lastKnownFileType = sourcecode.swift; path = faculty.swift; sourceTree = "<group>"; };
		FD1B8A981AA9B0DE00B4BA0B /* data.swift */ = {isa = PBXFileReference; fileEncoding = 4; lastKnownFileType = sourcecode.swift; path = data.swift; sourceTree = "<group>"; };
		FD1B8A9A1AA9B36200B4BA0B /* ViewController.swift */ = {isa = PBXFileReference; fileEncoding = 4; lastKnownFileType = sourcecode.swift; path = ViewController.swift; sourceTree = "<group>"; };
/* End PBXFileReference section */

/* Begin PBXFrameworksBuildPhase section */
		FD1B8A521AA98BA800B4BA0B /* Frameworks */ = {
			isa = PBXFrameworksBuildPhase;
			buildActionMask = 2147483647;
			files = (
			);
			runOnlyForDeploymentPostprocessing = 0;
		};
		FD1B8A671AA98BA800B4BA0B /* Frameworks */ = {
			isa = PBXFrameworksBuildPhase;
			buildActionMask = 2147483647;
			files = (
			);
			runOnlyForDeploymentPostprocessing = 0;
		};
/* End PBXFrameworksBuildPhase section */

/* Begin PBXGroup section */
		FD1B8A4C1AA98BA700B4BA0B = {
			isa = PBXGroup;
			children = (
				FD1B8A571AA98BA800B4BA0B /* msuInfo */,
				FD1B8A6D1AA98BA800B4BA0B /* msuInfoTests */,
				FD1B8A561AA98BA800B4BA0B /* Products */,
			);
			sourceTree = "<group>";
		};
		FD1B8A561AA98BA800B4BA0B /* Products */ = {
			isa = PBXGroup;
			children = (
				FD1B8A551AA98BA800B4BA0B /* msuInfo.app */,
				FD1B8A6A1AA98BA800B4BA0B /* msuInfoTests.xctest */,
			);
			name = Products;
			sourceTree = "<group>";
		};
		FD1B8A571AA98BA800B4BA0B /* msuInfo */ = {
			isa = PBXGroup;
			children = (
				FD1B8A5A1AA98BA800B4BA0B /* AppDelegate.swift */,
				FD1B8A9A1AA9B36200B4BA0B /* ViewController.swift */,
				FD1B8A5E1AA98BA800B4BA0B /* Main.storyboard */,
				FD1B8A961AA9AFA500B4BA0B /* faculty.swift */,
				FD1B8A981AA9B0DE00B4BA0B /* data.swift */,
				FD1B8A901AA9956200B4BA0B /* colorTwoViewController.swift */,
				FD1B8A611AA98BA800B4BA0B /* Images.xcassets */,
				FD1B8A631AA98BA800B4BA0B /* LaunchScreen.xib */,
				FD1B8A581AA98BA800B4BA0B /* Supporting Files */,
			);
			path = msuInfo;
			sourceTree = "<group>";
		};
		FD1B8A581AA98BA800B4BA0B /* Supporting Files */ = {
			isa = PBXGroup;
			children = (
				FD1B8A921AA9A6A800B4BA0B /* msu.jpg */,
				FD1B8A591AA98BA800B4BA0B /* Info.plist */,
			);
			name = "Supporting Files";
			sourceTree = "<group>";
		};
		FD1B8A6D1AA98BA800B4BA0B /* msuInfoTests */ = {
			isa = PBXGroup;
			children = (
				FD1B8A701AA98BA800B4BA0B /* msuInfoTests.swift */,
				FD1B8A6E1AA98BA800B4BA0B /* Supporting Files */,
			);
			path = msuInfoTests;
			sourceTree = "<group>";
		};
		FD1B8A6E1AA98BA800B4BA0B /* Supporting Files */ = {
			isa = PBXGroup;
			children = (
				FD1B8A6F1AA98BA800B4BA0B /* Info.plist */,
			);
			name = "Supporting Files";
			sourceTree = "<group>";
		};
/* End PBXGroup section */

/* Begin PBXNativeTarget section */
		FD1B8A541AA98BA800B4BA0B /* msuInfo */ = {
			isa = PBXNativeTarget;
			buildConfigurationList = FD1B8A741AA98BA800B4BA0B /* Build configuration list for PBXNativeTarget "msuInfo" */;
			buildPhases = (
				FD1B8A511AA98BA800B4BA0B /* Sources */,
				FD1B8A521AA98BA800B4BA0B /* Frameworks */,
				FD1B8A531AA98BA800B4BA0B /* Resources */,
			);
			buildRules = (
			);
			dependencies = (
			);
			name = msuInfo;
			productName = msuInfo;
			productReference = FD1B8A551AA98BA800B4BA0B /* msuInfo.app */;
			productType = "com.apple.product-type.application";
		};
		FD1B8A691AA98BA800B4BA0B /* msuInfoTests */ = {
			isa = PBXNativeTarget;
			buildConfigurationList = FD1B8A771AA98BA800B4BA0B /* Build configuration list for PBXNativeTarget "msuInfoTests" */;
			buildPhases = (
				FD1B8A661AA98BA800B4BA0B /* Sources */,
				FD1B8A671AA98BA800B4BA0B /* Frameworks */,
				FD1B8A681AA98BA800B4BA0B /* Resources */,
			);
			buildRules = (
			);
			dependencies = (
				FD1B8A6C1AA98BA800B4BA0B /* PBXTargetDependency */,
			);
			name = msuInfoTests;
			productName = msuInfoTests;
			productReference = FD1B8A6A1AA98BA800B4BA0B /* msuInfoTests.xctest */;
			productType = "com.apple.product-type.bundle.unit-test";
		};
/* End PBXNativeTarget section */

/* Begin PBXProject section */
		FD1B8A4D1AA98BA700B4BA0B /* Project object */ = {
			isa = PBXProject;
			attributes = {
				LastUpgradeCheck = 0600;
				ORGANIZATIONNAME = iStudents;
				TargetAttributes = {
					FD1B8A541AA98BA800B4BA0B = {
						CreatedOnToolsVersion = 6.0;
					};
					FD1B8A691AA98BA800B4BA0B = {
						CreatedOnToolsVersion = 6.0;
						TestTargetID = FD1B8A541AA98BA800B4BA0B;
					};
				};
			};
			buildConfigurationList = FD1B8A501AA98BA700B4BA0B /* Build configuration list for PBXProject "msuInfo" */;
			compatibilityVersion = "Xcode 3.2";
			developmentRegion = English;
			hasScannedForEncodings = 0;
			knownRegions = (
				en,
				Base,
			);
			mainGroup = FD1B8A4C1AA98BA700B4BA0B;
			productRefGroup = FD1B8A561AA98BA800B4BA0B /* Products */;
			projectDirPath = "";
			projectRoot = "";
			targets = (
				FD1B8A541AA98BA800B4BA0B /* msuInfo */,
				FD1B8A691AA98BA800B4BA0B /* msuInfoTests */,
			);
		};
/* End PBXProject section */

/* Begin PBXResourcesBuildPhase section */
		FD1B8A531AA98BA800B4BA0B /* Resources */ = {
			isa = PBXResourcesBuildPhase;
			buildActionMask = 2147483647;
			files = (
				FD1B8A601AA98BA800B4BA0B /* Main.storyboard in Resources */,
				FD1B8A651AA98BA800B4BA0B /* LaunchScreen.xib in Resources */,
				FD1B8A621AA98BA800B4BA0B /* Images.xcassets in Resources */,
				FD1B8A931AA9A6A800B4BA0B /* msu.jpg in Resources */,
			);
			runOnlyForDeploymentPostprocessing = 0;
		};
		FD1B8A681AA98BA800B4BA0B /* Resources */ = {
			isa = PBXResourcesBuildPhase;
			buildActionMask = 2147483647;
			files = (
			);
			runOnlyForDeploymentPostprocessing = 0;
		};
/* End PBXResourcesBuildPhase section */

/* Begin PBXSourcesBuildPhase section */
		FD1B8A511AA98BA800B4BA0B /* Sources */ = {
			isa = PBXSourcesBuildPhase;
			buildActionMask = 2147483647;
			files = (
				FD1B8A9B1AA9B36200B4BA0B /* ViewController.swift in Sources */,
				FD1B8A911AA9956200B4BA0B /* colorTwoViewController.swift in Sources */,
				FD1B8A971AA9AFA500B4BA0B /* faculty.swift in Sources */,
				FD1B8A5B1AA98BA800B4BA0B /* AppDelegate.swift in Sources */,
				FD1B8A991AA9B0DE00B4BA0B /* data.swift in Sources */,
			);
			runOnlyForDeploymentPostprocessing = 0;
		};
		FD1B8A661AA98BA800B4BA0B /* Sources */ = {
			isa = PBXSourcesBuildPhase;
			buildActionMask = 2147483647;
			files = (
				FD1B8A711AA98BA800B4BA0B /* msuInfoTests.swift in Sources */,
			);
			runOnlyForDeploymentPostprocessing = 0;
		};
/* End PBXSourcesBuildPhase section */

/* Begin PBXTargetDependency section */
		FD1B8A6C1AA98BA800B4BA0B /* PBXTargetDependency */ = {
			isa = PBXTargetDependency;
			target = FD1B8A541AA98BA800B4BA0B /* msuInfo */;
			targetProxy = FD1B8A6B1AA98BA800B4BA0B /* PBXContainerItemProxy */;
		};
/* End PBXTargetDependency section */

/* Begin PBXVariantGroup section */
		FD1B8A5E1AA98BA800B4BA0B /* Main.storyboard */ = {
			isa = PBXVariantGroup;
			children = (
				FD1B8A5F1AA98BA800B4BA0B /* Base */,
			);
			name = Main.storyboard;
			sourceTree = "<group>";
		};
		FD1B8A631AA98BA800B4BA0B /* LaunchScreen.xib */ = {
			isa = PBXVariantGroup;
			children = (
				FD1B8A641AA98BA800B4BA0B /* Base */,
			);
			name = LaunchScreen.xib;
			sourceTree = "<group>";
		};
/* End PBXVariantGroup section */

/* Begin XCBuildConfiguration section */
		FD1B8A721AA98BA800B4BA0B /* Debug */ = {
			isa = XCBuildConfiguration;
			buildSettings = {
				ALWAYS_SEARCH_USER_PATHS = NO;
				CLANG_CXX_LANGUAGE_STANDARD = "gnu++0x";
				CLANG_CXX_LIBRARY = "libc++";
				CLANG_ENABLE_MODULES = YES;
				CLANG_ENABLE_OBJC_ARC = YES;
				CLANG_WARN_BOOL_CONVERSION = YES;
				CLANG_WARN_CONSTANT_CONVERSION = YES;
				CLANG_WARN_DIRECT_OBJC_ISA_USAGE = YES_ERROR;
				CLANG_WARN_EMPTY_BODY = YES;
				CLANG_WARN_ENUM_CONVERSION = YES;
				CLANG_WARN_INT_CONVERSION = YES;
				CLANG_WARN_OBJC_ROOT_CLASS = YES_ERROR;
				CLANG_WARN_UNREACHABLE_CODE = YES;
				CLANG_WARN__DUPLICATE_METHOD_MATCH = YES;
				"CODE_SIGN_IDENTITY[sdk=iphoneos*]" = "iPhone Developer";
				COPY_PHASE_STRIP = NO;
				ENABLE_STRICT_OBJC_MSGSEND = YES;
				GCC_C_LANGUAGE_STANDARD = gnu99;
				GCC_DYNAMIC_NO_PIC = NO;
				GCC_OPTIMIZATION_LEVEL = 0;
				GCC_PREPROCESSOR_DEFINITIONS = (
					"DEBUG=1",
					"$(inherited)",
				);
				GCC_SYMBOLS_PRIVATE_EXTERN = NO;
				GCC_WARN_64_TO_32_BIT_CONVERSION = YES;
				GCC_WARN_ABOUT_RETURN_TYPE = YES_ERROR;
				GCC_WARN_UNDECLARED_SELECTOR = YES;
				GCC_WARN_UNINITIALIZED_AUTOS = YES_AGGRESSIVE;
				GCC_WARN_UNUSED_FUNCTION = YES;
				GCC_WARN_UNUSED_VARIABLE = YES;
				IPHONEOS_DEPLOYMENT_TARGET = 8.0;
				MTL_ENABLE_DEBUG_INFO = YES;
				ONLY_ACTIVE_ARCH = YES;
				SDKROOT = iphoneos;
				SWIFT_OPTIMIZATION_LEVEL = "-Onone";
			};
			name = Debug;
		};
		FD1B8A731AA98BA800B4BA0B /* Release */ = {
			isa = XCBuildConfiguration;
			buildSettings = {
				ALWAYS_SEARCH_USER_PATHS = NO;
				CLANG_CXX_LANGUAGE_STANDARD = "gnu++0x";
				CLANG_CXX_LIBRARY = "libc++";
				CLANG_ENABLE_MODULES = YES;
				CLANG_ENABLE_OBJC_ARC = YES;
				CLANG_WARN_BOOL_CONVERSION = YES;
				CLANG_WARN_CONSTANT_CONVERSION = YES;
				CLANG_WARN_DIRECT_OBJC_ISA_USAGE = YES_ERROR;
				CLANG_WARN_EMPTY_BODY = YES;
				CLANG_WARN_ENUM_CONVERSION = YES;
				CLANG_WARN_INT_CONVERSION = YES;
				CLANG_WARN_OBJC_ROOT_CLASS = YES_ERROR;
				CLANG_WARN_UNREACHABLE_CODE = YES;
				CLANG_WARN__DUPLICATE_METHOD_MATCH = YES;
				"CODE_SIGN_IDENTITY[sdk=iphoneos*]" = "iPhone Developer";
				COPY_PHASE_STRIP = YES;
				ENABLE_NS_ASSERTIONS = NO;
				ENABLE_STRICT_OBJC_MSGSEND = YES;
				GCC_C_LANGUAGE_STANDARD = gnu99;
				GCC_WARN_64_TO_32_BIT_CONVERSION = YES;
				GCC_WARN_ABOUT_RETURN_TYPE = YES_ERROR;
				GCC_WARN_UNDECLARED_SELECTOR = YES;
				GCC_WARN_UNINITIALIZED_AUTOS = YES_AGGRESSIVE;
				GCC_WARN_UNUSED_FUNCTION = YES;
				GCC_WARN_UNUSED_VARIABLE = YES;
				IPHONEOS_DEPLOYMENT_TARGET = 8.0;
				MTL_ENABLE_DEBUG_INFO = NO;
				SDKROOT = iphoneos;
				VALIDATE_PRODUCT = YES;
			};
			name = Release;
		};
		FD1B8A751AA98BA800B4BA0B /* Debug */ = {
			isa = XCBuildConfiguration;
			buildSettings = {
				ASSETCATALOG_COMPILER_APPICON_NAME = AppIcon;
				INFOPLIST_FILE = msuInfo/Info.plist;
				LD_RUNPATH_SEARCH_PATHS = "$(inherited) @executable_path/Frameworks";
				PRODUCT_NAME = "$(TARGET_NAME)";
			};
			name = Debug;
		};
		FD1B8A761AA98BA800B4BA0B /* Release */ = {
			isa = XCBuildConfiguration;
			buildSettings = {
				ASSETCATALOG_COMPILER_APPICON_NAME = AppIcon;
				INFOPLIST_FILE = msuInfo/Info.plist;
				LD_RUNPATH_SEARCH_PATHS = "$(inherited) @executable_path/Frameworks";
				PRODUCT_NAME = "$(TARGET_NAME)";
			};
			name = Release;
		};
		FD1B8A781AA98BA800B4BA0B /* Debug */ = {
			isa = XCBuildConfiguration;
			buildSettings = {
				BUNDLE_LOADER = "$(TEST_HOST)";
				FRAMEWORK_SEARCH_PATHS = (
					"$(SDKROOT)/Developer/Library/Frameworks",
					"$(inherited)",
				);
				GCC_PREPROCESSOR_DEFINITIONS = (
					"DEBUG=1",
					"$(inherited)",
				);
				INFOPLIST_FILE = msuInfoTests/Info.plist;
				LD_RUNPATH_SEARCH_PATHS = "$(inherited) @executable_path/Frameworks @loader_path/Frameworks";
				PRODUCT_NAME = "$(TARGET_NAME)";
				TEST_HOST = "$(BUILT_PRODUCTS_DIR)/msuInfo.app/msuInfo";
			};
			name = Debug;
		};
		FD1B8A791AA98BA800B4BA0B /* Release */ = {
			isa = XCBuildConfiguration;
			buildSettings = {
				BUNDLE_LOADER = "$(TEST_HOST)";
				FRAMEWORK_SEARCH_PATHS = (
					"$(SDKROOT)/Developer/Library/Frameworks",
					"$(inherited)",
				);
				INFOPLIST_FILE = msuInfoTests/Info.plist;
				LD_RUNPATH_SEARCH_PATHS = "$(inherited) @executable_path/Frameworks @loader_path/Frameworks";
				PRODUCT_NAME = "$(TARGET_NAME)";
				TEST_HOST = "$(BUILT_PRODUCTS_DIR)/msuInfo.app/msuInfo";
			};
			name = Release;
		};
/* End XCBuildConfiguration section */

/* Begin XCConfigurationList section */
		FD1B8A501AA98BA700B4BA0B /* Build configuration list for PBXProject "msuInfo" */ = {
			isa = XCConfigurationList;
			buildConfigurations = (
				FD1B8A721AA98BA800B4BA0B /* Debug */,
				FD1B8A731AA98BA800B4BA0B /* Release */,
			);
			defaultConfigurationIsVisible = 0;
			defaultConfigurationName = Release;
		};
		FD1B8A741AA98BA800B4BA0B /* Build configuration list for PBXNativeTarget "msuInfo" */ = {
			isa = XCConfigurationList;
			buildConfigurations = (
				FD1B8A751AA98BA800B4BA0B /* Debug */,
				FD1B8A761AA98BA800B4BA0B /* Release */,
			);
			defaultConfigurationIsVisible = 0;
			defaultConfigurationName = Release;
		};
		FD1B8A771AA98BA800B4BA0B /* Build configuration list for PBXNativeTarget "msuInfoTests" */ = {
			isa = XCConfigurationList;
			buildConfigurations = (
				FD1B8A781AA98BA800B4BA0B /* Debug */,
				FD1B8A791AA98BA800B4BA0B /* Release */,
			);
			defaultConfigurationIsVisible = 0;
			defaultConfigurationName = Release;
		};
/* End XCConfigurationList section */
	};
	rootObject = FD1B8A4D1AA98BA700B4BA0B /* Project object */;
}
