// !$*UTF8*$!
{
	archiveVersion = 1;
	classes = {
	};
	objectVersion = 46;
	objects = {

/* Begin PBXBuildFile section */
		FDE7D0AF1AA06DED0099A85B /* AppDelegate.swift in Sources */ = {isa = PBXBuildFile; fileRef = FDE7D0AE1AA06DED0099A85B /* AppDelegate.swift */; };
		FDE7D0B41AA06DED0099A85B /* Main.storyboard in Resources */ = {isa = PBXBuildFile; fileRef = FDE7D0B21AA06DED0099A85B /* Main.storyboard */; };
		FDE7D0B61AA06DED0099A85B /* Images.xcassets in Resources */ = {isa = PBXBuildFile; fileRef = FDE7D0B51AA06DED0099A85B /* Images.xcassets */; };
		FDE7D0B91AA06DED0099A85B /* LaunchScreen.xib in Resources */ = {isa = PBXBuildFile; fileRef = FDE7D0B71AA06DED0099A85B /* LaunchScreen.xib */; };
		FDE7D0C51AA06DED0099A85B /* week7Tests.swift in Sources */ = {isa = PBXBuildFile; fileRef = FDE7D0C41AA06DED0099A85B /* week7Tests.swift */; };
		FDE7D0CF1AA06E4F0099A85B /* TableViewController.swift in Sources */ = {isa = PBXBuildFile; fileRef = FDE7D0CE1AA06E4F0099A85B /* TableViewController.swift */; };
		FDE7D0D11AA06E6B0099A85B /* TableViewCell.swift in Sources */ = {isa = PBXBuildFile; fileRef = FDE7D0D01AA06E6B0099A85B /* TableViewCell.swift */; };
		FDE7D0D91AA06FFE0099A85B /* blue.png in Resources */ = {isa = PBXBuildFile; fileRef = FDE7D0D21AA06FFE0099A85B /* blue.png */; };
		FDE7D0DA1AA06FFE0099A85B /* pink.png in Resources */ = {isa = PBXBuildFile; fileRef = FDE7D0D31AA06FFE0099A85B /* pink.png */; };
		FDE7D0DB1AA06FFE0099A85B /* white.png in Resources */ = {isa = PBXBuildFile; fileRef = FDE7D0D41AA06FFE0099A85B /* white.png */; };
		FDE7D0DC1AA06FFE0099A85B /* orange.png in Resources */ = {isa = PBXBuildFile; fileRef = FDE7D0D51AA06FFE0099A85B /* orange.png */; };
		FDE7D0DD1AA06FFE0099A85B /* yellow.png in Resources */ = {isa = PBXBuildFile; fileRef = FDE7D0D61AA06FFE0099A85B /* yellow.png */; };
		FDE7D0DE1AA06FFE0099A85B /* red.png in Resources */ = {isa = PBXBuildFile; fileRef = FDE7D0D71AA06FFE0099A85B /* red.png */; };
		FDE7D0DF1AA06FFE0099A85B /* green.png in Resources */ = {isa = PBXBuildFile; fileRef = FDE7D0D81AA06FFE0099A85B /* green.png */; };
		FDE7D0E11AA0701B0099A85B /* data.swift in Sources */ = {isa = PBXBuildFile; fileRef = FDE7D0E01AA0701B0099A85B /* data.swift */; };
		FDE7D0E31AA0702A0099A85B /* balloon.swift in Sources */ = {isa = PBXBuildFile; fileRef = FDE7D0E21AA0702A0099A85B /* balloon.swift */; };
/* End PBXBuildFile section */

/* Begin PBXContainerItemProxy section */
		FDE7D0BF1AA06DED0099A85B /* PBXContainerItemProxy */ = {
			isa = PBXContainerItemProxy;
			containerPortal = FDE7D0A11AA06DED0099A85B /* Project object */;
			proxyType = 1;
			remoteGlobalIDString = FDE7D0A81AA06DED0099A85B;
			remoteInfo = week7;
		};
/* End PBXContainerItemProxy section */

/* Begin PBXFileReference section */
		FDE7D0A91AA06DED0099A85B /* week7.app */ = {isa = PBXFileReference; explicitFileType = wrapper.application; includeInIndex = 0; path = week7.app; sourceTree = BUILT_PRODUCTS_DIR; };
		FDE7D0AD1AA06DED0099A85B /* Info.plist */ = {isa = PBXFileReference; lastKnownFileType = text.plist.xml; path = Info.plist; sourceTree = "<group>"; };
		FDE7D0AE1AA06DED0099A85B /* AppDelegate.swift */ = {isa = PBXFileReference; lastKnownFileType = sourcecode.swift; path = AppDelegate.swift; sourceTree = "<group>"; };
		FDE7D0B31AA06DED0099A85B /* Base */ = {isa = PBXFileReference; lastKnownFileType = file.storyboard; name = Base; path = Base.lproj/Main.storyboard; sourceTree = "<group>"; };
		FDE7D0B51AA06DED0099A85B /* Images.xcassets */ = {isa = PBXFileReference; lastKnownFileType = folder.assetcatalog; path = Images.xcassets; sourceTree = "<group>"; };
		FDE7D0B81AA06DED0099A85B /* Base */ = {isa = PBXFileReference; lastKnownFileType = file.xib; name = Base; path = Base.lproj/LaunchScreen.xib; sourceTree = "<group>"; };
		FDE7D0BE1AA06DED0099A85B /* week7Tests.xctest */ = {isa = PBXFileReference; explicitFileType = wrapper.cfbundle; includeInIndex = 0; path = week7Tests.xctest; sourceTree = BUILT_PRODUCTS_DIR; };
		FDE7D0C31AA06DED0099A85B /* Info.plist */ = {isa = PBXFileReference; lastKnownFileType = text.plist.xml; path = Info.plist; sourceTree = "<group>"; };
		FDE7D0C41AA06DED0099A85B /* week7Tests.swift */ = {isa = PBXFileReference; lastKnownFileType = sourcecode.swift; path = week7Tests.swift; sourceTree = "<group>"; };
		FDE7D0CE1AA06E4F0099A85B /* TableViewController.swift */ = {isa = PBXFileReference; fileEncoding = 4; lastKnownFileType = sourcecode.swift; path = TableViewController.swift; sourceTree = "<group>"; };
		FDE7D0D01AA06E6B0099A85B /* TableViewCell.swift */ = {isa = PBXFileReference; fileEncoding = 4; lastKnownFileType = sourcecode.swift; path = TableViewCell.swift; sourceTree = "<group>"; };
		FDE7D0D21AA06FFE0099A85B /* blue.png */ = {isa = PBXFileReference; lastKnownFileType = image.png; path = blue.png; sourceTree = "<group>"; };
		FDE7D0D31AA06FFE0099A85B /* pink.png */ = {isa = PBXFileReference; lastKnownFileType = image.png; path = pink.png; sourceTree = "<group>"; };
		FDE7D0D41AA06FFE0099A85B /* white.png */ = {isa = PBXFileReference; lastKnownFileType = image.png; path = white.png; sourceTree = "<group>"; };
		FDE7D0D51AA06FFE0099A85B /* orange.png */ = {isa = PBXFileReference; lastKnownFileType = image.png; path = orange.png; sourceTree = "<group>"; };
		FDE7D0D61AA06FFE0099A85B /* yellow.png */ = {isa = PBXFileReference; lastKnownFileType = image.png; path = yellow.png; sourceTree = "<group>"; };
		FDE7D0D71AA06FFE0099A85B /* red.png */ = {isa = PBXFileReference; lastKnownFileType = image.png; path = red.png; sourceTree = "<group>"; };
		FDE7D0D81AA06FFE0099A85B /* green.png */ = {isa = PBXFileReference; lastKnownFileType = image.png; path = green.png; sourceTree = "<group>"; };
		FDE7D0E01AA0701B0099A85B /* data.swift */ = {isa = PBXFileReference; fileEncoding = 4; lastKnownFileType = sourcecode.swift; path = data.swift; sourceTree = "<group>"; };
		FDE7D0E21AA0702A0099A85B /* balloon.swift */ = {isa = PBXFileReference; fileEncoding = 4; lastKnownFileType = sourcecode.swift; path = balloon.swift; sourceTree = "<group>"; };
/* End PBXFileReference section */

/* Begin PBXFrameworksBuildPhase section */
		FDE7D0A61AA06DED0099A85B /* Frameworks */ = {
			isa = PBXFrameworksBuildPhase;
			buildActionMask = 2147483647;
			files = (
			);
			runOnlyForDeploymentPostprocessing = 0;
		};
		FDE7D0BB1AA06DED0099A85B /* Frameworks */ = {
			isa = PBXFrameworksBuildPhase;
			buildActionMask = 2147483647;
			files = (
			);
			runOnlyForDeploymentPostprocessing = 0;
		};
/* End PBXFrameworksBuildPhase section */

/* Begin PBXGroup section */
		FDE7D0A01AA06DED0099A85B = {
			isa = PBXGroup;
			children = (
				FDE7D0AB1AA06DED0099A85B /* week7 */,
				FDE7D0C11AA06DED0099A85B /* week7Tests */,
				FDE7D0AA1AA06DED0099A85B /* Products */,
			);
			sourceTree = "<group>";
		};
		FDE7D0AA1AA06DED0099A85B /* Products */ = {
			isa = PBXGroup;
			children = (
				FDE7D0A91AA06DED0099A85B /* week7.app */,
				FDE7D0BE1AA06DED0099A85B /* week7Tests.xctest */,
			);
			name = Products;
			sourceTree = "<group>";
		};
		FDE7D0AB1AA06DED0099A85B /* week7 */ = {
			isa = PBXGroup;
			children = (
				FDE7D0AE1AA06DED0099A85B /* AppDelegate.swift */,
				FDE7D0B21AA06DED0099A85B /* Main.storyboard */,
				FDE7D0CE1AA06E4F0099A85B /* TableViewController.swift */,
				FDE7D0D01AA06E6B0099A85B /* TableViewCell.swift */,
				FDE7D0E01AA0701B0099A85B /* data.swift */,
				FDE7D0E21AA0702A0099A85B /* balloon.swift */,
				FDE7D0B51AA06DED0099A85B /* Images.xcassets */,
				FDE7D0B71AA06DED0099A85B /* LaunchScreen.xib */,
				FDE7D0AC1AA06DED0099A85B /* Supporting Files */,
			);
			path = week7;
			sourceTree = "<group>";
		};
		FDE7D0AC1AA06DED0099A85B /* Supporting Files */ = {
			isa = PBXGroup;
			children = (
				FDE7D0D21AA06FFE0099A85B /* blue.png */,
				FDE7D0D31AA06FFE0099A85B /* pink.png */,
				FDE7D0D41AA06FFE0099A85B /* white.png */,
				FDE7D0D51AA06FFE0099A85B /* orange.png */,
				FDE7D0D61AA06FFE0099A85B /* yellow.png */,
				FDE7D0D71AA06FFE0099A85B /* red.png */,
				FDE7D0D81AA06FFE0099A85B /* green.png */,
				FDE7D0AD1AA06DED0099A85B /* Info.plist */,
			);
			name = "Supporting Files";
			sourceTree = "<group>";
		};
		FDE7D0C11AA06DED0099A85B /* week7Tests */ = {
			isa = PBXGroup;
			children = (
				FDE7D0C41AA06DED0099A85B /* week7Tests.swift */,
				FDE7D0C21AA06DED0099A85B /* Supporting Files */,
			);
			path = week7Tests;
			sourceTree = "<group>";
		};
		FDE7D0C21AA06DED0099A85B /* Supporting Files */ = {
			isa = PBXGroup;
			children = (
				FDE7D0C31AA06DED0099A85B /* Info.plist */,
			);
			name = "Supporting Files";
			sourceTree = "<group>";
		};
/* End PBXGroup section */

/* Begin PBXNativeTarget section */
		FDE7D0A81AA06DED0099A85B /* week7 */ = {
			isa = PBXNativeTarget;
			buildConfigurationList = FDE7D0C81AA06DED0099A85B /* Build configuration list for PBXNativeTarget "week7" */;
			buildPhases = (
				FDE7D0A51AA06DED0099A85B /* Sources */,
				FDE7D0A61AA06DED0099A85B /* Frameworks */,
				FDE7D0A71AA06DED0099A85B /* Resources */,
			);
			buildRules = (
			);
			dependencies = (
			);
			name = week7;
			productName = week7;
			productReference = FDE7D0A91AA06DED0099A85B /* week7.app */;
			productType = "com.apple.product-type.application";
		};
		FDE7D0BD1AA06DED0099A85B /* week7Tests */ = {
			isa = PBXNativeTarget;
			buildConfigurationList = FDE7D0CB1AA06DED0099A85B /* Build configuration list for PBXNativeTarget "week7Tests" */;
			buildPhases = (
				FDE7D0BA1AA06DED0099A85B /* Sources */,
				FDE7D0BB1AA06DED0099A85B /* Frameworks */,
				FDE7D0BC1AA06DED0099A85B /* Resources */,
			);
			buildRules = (
			);
			dependencies = (
				FDE7D0C01AA06DED0099A85B /* PBXTargetDependency */,
			);
			name = week7Tests;
			productName = week7Tests;
			productReference = FDE7D0BE1AA06DED0099A85B /* week7Tests.xctest */;
			productType = "com.apple.product-type.bundle.unit-test";
		};
/* End PBXNativeTarget section */

/* Begin PBXProject section */
		FDE7D0A11AA06DED0099A85B /* Project object */ = {
			isa = PBXProject;
			attributes = {
				LastUpgradeCheck = 0600;
				ORGANIZATIONNAME = iStudents;
				TargetAttributes = {
					FDE7D0A81AA06DED0099A85B = {
						CreatedOnToolsVersion = 6.0;
					};
					FDE7D0BD1AA06DED0099A85B = {
						CreatedOnToolsVersion = 6.0;
						TestTargetID = FDE7D0A81AA06DED0099A85B;
					};
				};
			};
			buildConfigurationList = FDE7D0A41AA06DED0099A85B /* Build configuration list for PBXProject "week7" */;
			compatibilityVersion = "Xcode 3.2";
			developmentRegion = English;
			hasScannedForEncodings = 0;
			knownRegions = (
				en,
				Base,
			);
			mainGroup = FDE7D0A01AA06DED0099A85B;
			productRefGroup = FDE7D0AA1AA06DED0099A85B /* Products */;
			projectDirPath = "";
			projectRoot = "";
			targets = (
				FDE7D0A81AA06DED0099A85B /* week7 */,
				FDE7D0BD1AA06DED0099A85B /* week7Tests */,
			);
		};
/* End PBXProject section */

/* Begin PBXResourcesBuildPhase section */
		FDE7D0A71AA06DED0099A85B /* Resources */ = {
			isa = PBXResourcesBuildPhase;
			buildActionMask = 2147483647;
			files = (
				FDE7D0B41AA06DED0099A85B /* Main.storyboard in Resources */,
				FDE7D0DD1AA06FFE0099A85B /* yellow.png in Resources */,
				FDE7D0DA1AA06FFE0099A85B /* pink.png in Resources */,
				FDE7D0DE1AA06FFE0099A85B /* red.png in Resources */,
				FDE7D0B91AA06DED0099A85B /* LaunchScreen.xib in Resources */,
				FDE7D0B61AA06DED0099A85B /* Images.xcassets in Resources */,
				FDE7D0D91AA06FFE0099A85B /* blue.png in Resources */,
				FDE7D0DF1AA06FFE0099A85B /* green.png in Resources */,
				FDE7D0DB1AA06FFE0099A85B /* white.png in Resources */,
				FDE7D0DC1AA06FFE0099A85B /* orange.png in Resources */,
			);
			runOnlyForDeploymentPostprocessing = 0;
		};
		FDE7D0BC1AA06DED0099A85B /* Resources */ = {
			isa = PBXResourcesBuildPhase;
			buildActionMask = 2147483647;
			files = (
			);
			runOnlyForDeploymentPostprocessing = 0;
		};
/* End PBXResourcesBuildPhase section */

/* Begin PBXSourcesBuildPhase section */
		FDE7D0A51AA06DED0099A85B /* Sources */ = {
			isa = PBXSourcesBuildPhase;
			buildActionMask = 2147483647;
			files = (
				FDE7D0D11AA06E6B0099A85B /* TableViewCell.swift in Sources */,
				FDE7D0AF1AA06DED0099A85B /* AppDelegate.swift in Sources */,
				FDE7D0CF1AA06E4F0099A85B /* TableViewController.swift in Sources */,
				FDE7D0E11AA0701B0099A85B /* data.swift in Sources */,
				FDE7D0E31AA0702A0099A85B /* balloon.swift in Sources */,
			);
			runOnlyForDeploymentPostprocessing = 0;
		};
		FDE7D0BA1AA06DED0099A85B /* Sources */ = {
			isa = PBXSourcesBuildPhase;
			buildActionMask = 2147483647;
			files = (
				FDE7D0C51AA06DED0099A85B /* week7Tests.swift in Sources */,
			);
			runOnlyForDeploymentPostprocessing = 0;
		};
/* End PBXSourcesBuildPhase section */

/* Begin PBXTargetDependency section */
		FDE7D0C01AA06DED0099A85B /* PBXTargetDependency */ = {
			isa = PBXTargetDependency;
			target = FDE7D0A81AA06DED0099A85B /* week7 */;
			targetProxy = FDE7D0BF1AA06DED0099A85B /* PBXContainerItemProxy */;
		};
/* End PBXTargetDependency section */

/* Begin PBXVariantGroup section */
		FDE7D0B21AA06DED0099A85B /* Main.storyboard */ = {
			isa = PBXVariantGroup;
			children = (
				FDE7D0B31AA06DED0099A85B /* Base */,
			);
			name = Main.storyboard;
			sourceTree = "<group>";
		};
		FDE7D0B71AA06DED0099A85B /* LaunchScreen.xib */ = {
			isa = PBXVariantGroup;
			children = (
				FDE7D0B81AA06DED0099A85B /* Base */,
			);
			name = LaunchScreen.xib;
			sourceTree = "<group>";
		};
/* End PBXVariantGroup section */

/* Begin XCBuildConfiguration section */
		FDE7D0C61AA06DED0099A85B /* Debug */ = {
			isa = XCBuildConfiguration;
			buildSettings = {
				ALWAYS_SEARCH_USER_PATHS = NO;
				CLANG_CXX_LANGUAGE_STANDARD = "gnu++0x";
				CLANG_CXX_LIBRARY = "libc++";
				CLANG_ENABLE_MODULES = YES;
				CLANG_ENABLE_OBJC_ARC = YES;
				CLANG_WARN_BOOL_CONVERSION = YES;
				CLANG_WARN_CONSTANT_CONVERSION = YES;
				CLANG_WARN_DIRECT_OBJC_ISA_USAGE = YES_ERROR;
				CLANG_WARN_EMPTY_BODY = YES;
				CLANG_WARN_ENUM_CONVERSION = YES;
				CLANG_WARN_INT_CONVERSION = YES;
				CLANG_WARN_OBJC_ROOT_CLASS = YES_ERROR;
				CLANG_WARN_UNREACHABLE_CODE = YES;
				CLANG_WARN__DUPLICATE_METHOD_MATCH = YES;
				"CODE_SIGN_IDENTITY[sdk=iphoneos*]" = "iPhone Developer";
				COPY_PHASE_STRIP = NO;
				ENABLE_STRICT_OBJC_MSGSEND = YES;
				GCC_C_LANGUAGE_STANDARD = gnu99;
				GCC_DYNAMIC_NO_PIC = NO;
				GCC_OPTIMIZATION_LEVEL = 0;
				GCC_PREPROCESSOR_DEFINITIONS = (
					"DEBUG=1",
					"$(inherited)",
				);
				GCC_SYMBOLS_PRIVATE_EXTERN = NO;
				GCC_WARN_64_TO_32_BIT_CONVERSION = YES;
				GCC_WARN_ABOUT_RETURN_TYPE = YES_ERROR;
				GCC_WARN_UNDECLARED_SELECTOR = YES;
				GCC_WARN_UNINITIALIZED_AUTOS = YES_AGGRESSIVE;
				GCC_WARN_UNUSED_FUNCTION = YES;
				GCC_WARN_UNUSED_VARIABLE = YES;
				IPHONEOS_DEPLOYMENT_TARGET = 8.0;
				MTL_ENABLE_DEBUG_INFO = YES;
				ONLY_ACTIVE_ARCH = YES;
				SDKROOT = iphoneos;
				SWIFT_OPTIMIZATION_LEVEL = "-Onone";
			};
			name = Debug;
		};
		FDE7D0C71AA06DED0099A85B /* Release */ = {
			isa = XCBuildConfiguration;
			buildSettings = {
				ALWAYS_SEARCH_USER_PATHS = NO;
				CLANG_CXX_LANGUAGE_STANDARD = "gnu++0x";
				CLANG_CXX_LIBRARY = "libc++";
				CLANG_ENABLE_MODULES = YES;
				CLANG_ENABLE_OBJC_ARC = YES;
				CLANG_WARN_BOOL_CONVERSION = YES;
				CLANG_WARN_CONSTANT_CONVERSION = YES;
				CLANG_WARN_DIRECT_OBJC_ISA_USAGE = YES_ERROR;
				CLANG_WARN_EMPTY_BODY = YES;
				CLANG_WARN_ENUM_CONVERSION = YES;
				CLANG_WARN_INT_CONVERSION = YES;
				CLANG_WARN_OBJC_ROOT_CLASS = YES_ERROR;
				CLANG_WARN_UNREACHABLE_CODE = YES;
				CLANG_WARN__DUPLICATE_METHOD_MATCH = YES;
				"CODE_SIGN_IDENTITY[sdk=iphoneos*]" = "iPhone Developer";
				COPY_PHASE_STRIP = YES;
				ENABLE_NS_ASSERTIONS = NO;
				ENABLE_STRICT_OBJC_MSGSEND = YES;
				GCC_C_LANGUAGE_STANDARD = gnu99;
				GCC_WARN_64_TO_32_BIT_CONVERSION = YES;
				GCC_WARN_ABOUT_RETURN_TYPE = YES_ERROR;
				GCC_WARN_UNDECLARED_SELECTOR = YES;
				GCC_WARN_UNINITIALIZED_AUTOS = YES_AGGRESSIVE;
				GCC_WARN_UNUSED_FUNCTION = YES;
				GCC_WARN_UNUSED_VARIABLE = YES;
				IPHONEOS_DEPLOYMENT_TARGET = 8.0;
				MTL_ENABLE_DEBUG_INFO = NO;
				SDKROOT = iphoneos;
				VALIDATE_PRODUCT = YES;
			};
			name = Release;
		};
		FDE7D0C91AA06DED0099A85B /* Debug */ = {
			isa = XCBuildConfiguration;
			buildSettings = {
				ASSETCATALOG_COMPILER_APPICON_NAME = AppIcon;
				INFOPLIST_FILE = week7/Info.plist;
				LD_RUNPATH_SEARCH_PATHS = "$(inherited) @executable_path/Frameworks";
				PRODUCT_NAME = "$(TARGET_NAME)";
			};
			name = Debug;
		};
		FDE7D0CA1AA06DED0099A85B /* Release */ = {
			isa = XCBuildConfiguration;
			buildSettings = {
				ASSETCATALOG_COMPILER_APPICON_NAME = AppIcon;
				INFOPLIST_FILE = week7/Info.plist;
				LD_RUNPATH_SEARCH_PATHS = "$(inherited) @executable_path/Frameworks";
				PRODUCT_NAME = "$(TARGET_NAME)";
			};
			name = Release;
		};
		FDE7D0CC1AA06DED0099A85B /* Debug */ = {
			isa = XCBuildConfiguration;
			buildSettings = {
				BUNDLE_LOADER = "$(TEST_HOST)";
				FRAMEWORK_SEARCH_PATHS = (
					"$(SDKROOT)/Developer/Library/Frameworks",
					"$(inherited)",
				);
				GCC_PREPROCESSOR_DEFINITIONS = (
					"DEBUG=1",
					"$(inherited)",
				);
				INFOPLIST_FILE = week7Tests/Info.plist;
				LD_RUNPATH_SEARCH_PATHS = "$(inherited) @executable_path/Frameworks @loader_path/Frameworks";
				PRODUCT_NAME = "$(TARGET_NAME)";
				TEST_HOST = "$(BUILT_PRODUCTS_DIR)/week7.app/week7";
			};
			name = Debug;
		};
		FDE7D0CD1AA06DED0099A85B /* Release */ = {
			isa = XCBuildConfiguration;
			buildSettings = {
				BUNDLE_LOADER = "$(TEST_HOST)";
				FRAMEWORK_SEARCH_PATHS = (
					"$(SDKROOT)/Developer/Library/Frameworks",
					"$(inherited)",
				);
				INFOPLIST_FILE = week7Tests/Info.plist;
				LD_RUNPATH_SEARCH_PATHS = "$(inherited) @executable_path/Frameworks @loader_path/Frameworks";
				PRODUCT_NAME = "$(TARGET_NAME)";
				TEST_HOST = "$(BUILT_PRODUCTS_DIR)/week7.app/week7";
			};
			name = Release;
		};
/* End XCBuildConfiguration section */

/* Begin XCConfigurationList section */
		FDE7D0A41AA06DED0099A85B /* Build configuration list for PBXProject "week7" */ = {
			isa = XCConfigurationList;
			buildConfigurations = (
				FDE7D0C61AA06DED0099A85B /* Debug */,
				FDE7D0C71AA06DED0099A85B /* Release */,
			);
			defaultConfigurationIsVisible = 0;
			defaultConfigurationName = Release;
		};
		FDE7D0C81AA06DED0099A85B /* Build configuration list for PBXNativeTarget "week7" */ = {
			isa = XCConfigurationList;
			buildConfigurations = (
				FDE7D0C91AA06DED0099A85B /* Debug */,
				FDE7D0CA1AA06DED0099A85B /* Release */,
			);
			defaultConfigurationIsVisible = 0;
		};
		FDE7D0CB1AA06DED0099A85B /* Build configuration list for PBXNativeTarget "week7Tests" */ = {
			isa = XCConfigurationList;
			buildConfigurations = (
				FDE7D0CC1AA06DED0099A85B /* Debug */,
				FDE7D0CD1AA06DED0099A85B /* Release */,
			);
			defaultConfigurationIsVisible = 0;
		};
/* End XCConfigurationList section */
	};
	rootObject = FDE7D0A11AA06DED0099A85B /* Project object */;
}
