// !$*UTF8*$!
{
	archiveVersion = 1;
	classes = {
	};
	objectVersion = 46;
	objects = {

/* Begin PBXBuildFile section */
		FDE52AB41AC5422300902FF9 /* AppDelegate.swift in Sources */ = {isa = PBXBuildFile; fileRef = FDE52AB31AC5422300902FF9 /* AppDelegate.swift */; };
		FDE52AB61AC5422300902FF9 /* ViewController.swift in Sources */ = {isa = PBXBuildFile; fileRef = FDE52AB51AC5422300902FF9 /* ViewController.swift */; };
		FDE52AB91AC5422300902FF9 /* Main.storyboard in Resources */ = {isa = PBXBuildFile; fileRef = FDE52AB71AC5422300902FF9 /* Main.storyboard */; };
		FDE52ABB1AC5422300902FF9 /* Images.xcassets in Resources */ = {isa = PBXBuildFile; fileRef = FDE52ABA1AC5422300902FF9 /* Images.xcassets */; };
		FDE52ABE1AC5422300902FF9 /* LaunchScreen.xib in Resources */ = {isa = PBXBuildFile; fileRef = FDE52ABC1AC5422300902FF9 /* LaunchScreen.xib */; };
		FDE52ACA1AC5422300902FF9 /* proto_As1Tests.swift in Sources */ = {isa = PBXBuildFile; fileRef = FDE52AC91AC5422300902FF9 /* proto_As1Tests.swift */; };
		FDE52AD41AC550BE00902FF9 /* Tigger.png in Resources */ = {isa = PBXBuildFile; fileRef = FDE52AD31AC550BE00902FF9 /* Tigger.png */; };
/* End PBXBuildFile section */

/* Begin PBXContainerItemProxy section */
		FDE52AC41AC5422300902FF9 /* PBXContainerItemProxy */ = {
			isa = PBXContainerItemProxy;
			containerPortal = FDE52AA61AC5422300902FF9 /* Project object */;
			proxyType = 1;
			remoteGlobalIDString = FDE52AAD1AC5422300902FF9;
			remoteInfo = proto_As1;
		};
/* End PBXContainerItemProxy section */

/* Begin PBXFileReference section */
		FDE52AAE1AC5422300902FF9 /* proto_As1.app */ = {isa = PBXFileReference; explicitFileType = wrapper.application; includeInIndex = 0; path = proto_As1.app; sourceTree = BUILT_PRODUCTS_DIR; };
		FDE52AB21AC5422300902FF9 /* Info.plist */ = {isa = PBXFileReference; lastKnownFileType = text.plist.xml; path = Info.plist; sourceTree = "<group>"; };
		FDE52AB31AC5422300902FF9 /* AppDelegate.swift */ = {isa = PBXFileReference; lastKnownFileType = sourcecode.swift; path = AppDelegate.swift; sourceTree = "<group>"; };
		FDE52AB51AC5422300902FF9 /* ViewController.swift */ = {isa = PBXFileReference; lastKnownFileType = sourcecode.swift; path = ViewController.swift; sourceTree = "<group>"; };
		FDE52AB81AC5422300902FF9 /* Base */ = {isa = PBXFileReference; lastKnownFileType = file.storyboard; name = Base; path = Base.lproj/Main.storyboard; sourceTree = "<group>"; };
		FDE52ABA1AC5422300902FF9 /* Images.xcassets */ = {isa = PBXFileReference; lastKnownFileType = folder.assetcatalog; path = Images.xcassets; sourceTree = "<group>"; };
		FDE52ABD1AC5422300902FF9 /* Base */ = {isa = PBXFileReference; lastKnownFileType = file.xib; name = Base; path = Base.lproj/LaunchScreen.xib; sourceTree = "<group>"; };
		FDE52AC31AC5422300902FF9 /* proto_As1Tests.xctest */ = {isa = PBXFileReference; explicitFileType = wrapper.cfbundle; includeInIndex = 0; path = proto_As1Tests.xctest; sourceTree = BUILT_PRODUCTS_DIR; };
		FDE52AC81AC5422300902FF9 /* Info.plist */ = {isa = PBXFileReference; lastKnownFileType = text.plist.xml; path = Info.plist; sourceTree = "<group>"; };
		FDE52AC91AC5422300902FF9 /* proto_As1Tests.swift */ = {isa = PBXFileReference; lastKnownFileType = sourcecode.swift; path = proto_As1Tests.swift; sourceTree = "<group>"; };
		FDE52AD31AC550BE00902FF9 /* Tigger.png */ = {isa = PBXFileReference; lastKnownFileType = image.png; path = Tigger.png; sourceTree = "<group>"; };
/* End PBXFileReference section */

/* Begin PBXFrameworksBuildPhase section */
		FDE52AAB1AC5422300902FF9 /* Frameworks */ = {
			isa = PBXFrameworksBuildPhase;
			buildActionMask = 2147483647;
			files = (
			);
			runOnlyForDeploymentPostprocessing = 0;
		};
		FDE52AC01AC5422300902FF9 /* Frameworks */ = {
			isa = PBXFrameworksBuildPhase;
			buildActionMask = 2147483647;
			files = (
			);
			runOnlyForDeploymentPostprocessing = 0;
		};
/* End PBXFrameworksBuildPhase section */

/* Begin PBXGroup section */
		FDE52AA51AC5422300902FF9 = {
			isa = PBXGroup;
			children = (
				FDE52AB01AC5422300902FF9 /* proto_As1 */,
				FDE52AC61AC5422300902FF9 /* proto_As1Tests */,
				FDE52AAF1AC5422300902FF9 /* Products */,
			);
			sourceTree = "<group>";
		};
		FDE52AAF1AC5422300902FF9 /* Products */ = {
			isa = PBXGroup;
			children = (
				FDE52AAE1AC5422300902FF9 /* proto_As1.app */,
				FDE52AC31AC5422300902FF9 /* proto_As1Tests.xctest */,
			);
			name = Products;
			sourceTree = "<group>";
		};
		FDE52AB01AC5422300902FF9 /* proto_As1 */ = {
			isa = PBXGroup;
			children = (
				FDE52AB31AC5422300902FF9 /* AppDelegate.swift */,
				FDE52AB51AC5422300902FF9 /* ViewController.swift */,
				FDE52AB71AC5422300902FF9 /* Main.storyboard */,
				FDE52ABA1AC5422300902FF9 /* Images.xcassets */,
				FDE52ABC1AC5422300902FF9 /* LaunchScreen.xib */,
				FDE52AB11AC5422300902FF9 /* Supporting Files */,
			);
			path = proto_As1;
			sourceTree = "<group>";
		};
		FDE52AB11AC5422300902FF9 /* Supporting Files */ = {
			isa = PBXGroup;
			children = (
				FDE52AD31AC550BE00902FF9 /* Tigger.png */,
				FDE52AB21AC5422300902FF9 /* Info.plist */,
			);
			name = "Supporting Files";
			sourceTree = "<group>";
		};
		FDE52AC61AC5422300902FF9 /* proto_As1Tests */ = {
			isa = PBXGroup;
			children = (
				FDE52AC91AC5422300902FF9 /* proto_As1Tests.swift */,
				FDE52AC71AC5422300902FF9 /* Supporting Files */,
			);
			path = proto_As1Tests;
			sourceTree = "<group>";
		};
		FDE52AC71AC5422300902FF9 /* Supporting Files */ = {
			isa = PBXGroup;
			children = (
				FDE52AC81AC5422300902FF9 /* Info.plist */,
			);
			name = "Supporting Files";
			sourceTree = "<group>";
		};
/* End PBXGroup section */

/* Begin PBXNativeTarget section */
		FDE52AAD1AC5422300902FF9 /* proto_As1 */ = {
			isa = PBXNativeTarget;
			buildConfigurationList = FDE52ACD1AC5422300902FF9 /* Build configuration list for PBXNativeTarget "proto_As1" */;
			buildPhases = (
				FDE52AAA1AC5422300902FF9 /* Sources */,
				FDE52AAB1AC5422300902FF9 /* Frameworks */,
				FDE52AAC1AC5422300902FF9 /* Resources */,
			);
			buildRules = (
			);
			dependencies = (
			);
			name = proto_As1;
			productName = proto_As1;
			productReference = FDE52AAE1AC5422300902FF9 /* proto_As1.app */;
			productType = "com.apple.product-type.application";
		};
		FDE52AC21AC5422300902FF9 /* proto_As1Tests */ = {
			isa = PBXNativeTarget;
			buildConfigurationList = FDE52AD01AC5422300902FF9 /* Build configuration list for PBXNativeTarget "proto_As1Tests" */;
			buildPhases = (
				FDE52ABF1AC5422300902FF9 /* Sources */,
				FDE52AC01AC5422300902FF9 /* Frameworks */,
				FDE52AC11AC5422300902FF9 /* Resources */,
			);
			buildRules = (
			);
			dependencies = (
				FDE52AC51AC5422300902FF9 /* PBXTargetDependency */,
			);
			name = proto_As1Tests;
			productName = proto_As1Tests;
			productReference = FDE52AC31AC5422300902FF9 /* proto_As1Tests.xctest */;
			productType = "com.apple.product-type.bundle.unit-test";
		};
/* End PBXNativeTarget section */

/* Begin PBXProject section */
		FDE52AA61AC5422300902FF9 /* Project object */ = {
			isa = PBXProject;
			attributes = {
				LastUpgradeCheck = 0600;
				ORGANIZATIONNAME = iStudents;
				TargetAttributes = {
					FDE52AAD1AC5422300902FF9 = {
						CreatedOnToolsVersion = 6.0;
					};
					FDE52AC21AC5422300902FF9 = {
						CreatedOnToolsVersion = 6.0;
						TestTargetID = FDE52AAD1AC5422300902FF9;
					};
				};
			};
			buildConfigurationList = FDE52AA91AC5422300902FF9 /* Build configuration list for PBXProject "proto_As1" */;
			compatibilityVersion = "Xcode 3.2";
			developmentRegion = English;
			hasScannedForEncodings = 0;
			knownRegions = (
				en,
				Base,
			);
			mainGroup = FDE52AA51AC5422300902FF9;
			productRefGroup = FDE52AAF1AC5422300902FF9 /* Products */;
			projectDirPath = "";
			projectRoot = "";
			targets = (
				FDE52AAD1AC5422300902FF9 /* proto_As1 */,
				FDE52AC21AC5422300902FF9 /* proto_As1Tests */,
			);
		};
/* End PBXProject section */

/* Begin PBXResourcesBuildPhase section */
		FDE52AAC1AC5422300902FF9 /* Resources */ = {
			isa = PBXResourcesBuildPhase;
			buildActionMask = 2147483647;
			files = (
				FDE52AB91AC5422300902FF9 /* Main.storyboard in Resources */,
				FDE52ABE1AC5422300902FF9 /* LaunchScreen.xib in Resources */,
				FDE52ABB1AC5422300902FF9 /* Images.xcassets in Resources */,
				FDE52AD41AC550BE00902FF9 /* Tigger.png in Resources */,
			);
			runOnlyForDeploymentPostprocessing = 0;
		};
		FDE52AC11AC5422300902FF9 /* Resources */ = {
			isa = PBXResourcesBuildPhase;
			buildActionMask = 2147483647;
			files = (
			);
			runOnlyForDeploymentPostprocessing = 0;
		};
/* End PBXResourcesBuildPhase section */

/* Begin PBXSourcesBuildPhase section */
		FDE52AAA1AC5422300902FF9 /* Sources */ = {
			isa = PBXSourcesBuildPhase;
			buildActionMask = 2147483647;
			files = (
				FDE52AB61AC5422300902FF9 /* ViewController.swift in Sources */,
				FDE52AB41AC5422300902FF9 /* AppDelegate.swift in Sources */,
			);
			runOnlyForDeploymentPostprocessing = 0;
		};
		FDE52ABF1AC5422300902FF9 /* Sources */ = {
			isa = PBXSourcesBuildPhase;
			buildActionMask = 2147483647;
			files = (
				FDE52ACA1AC5422300902FF9 /* proto_As1Tests.swift in Sources */,
			);
			runOnlyForDeploymentPostprocessing = 0;
		};
/* End PBXSourcesBuildPhase section */

/* Begin PBXTargetDependency section */
		FDE52AC51AC5422300902FF9 /* PBXTargetDependency */ = {
			isa = PBXTargetDependency;
			target = FDE52AAD1AC5422300902FF9 /* proto_As1 */;
			targetProxy = FDE52AC41AC5422300902FF9 /* PBXContainerItemProxy */;
		};
/* End PBXTargetDependency section */

/* Begin PBXVariantGroup section */
		FDE52AB71AC5422300902FF9 /* Main.storyboard */ = {
			isa = PBXVariantGroup;
			children = (
				FDE52AB81AC5422300902FF9 /* Base */,
			);
			name = Main.storyboard;
			sourceTree = "<group>";
		};
		FDE52ABC1AC5422300902FF9 /* LaunchScreen.xib */ = {
			isa = PBXVariantGroup;
			children = (
				FDE52ABD1AC5422300902FF9 /* Base */,
			);
			name = LaunchScreen.xib;
			sourceTree = "<group>";
		};
/* End PBXVariantGroup section */

/* Begin XCBuildConfiguration section */
		FDE52ACB1AC5422300902FF9 /* Debug */ = {
			isa = XCBuildConfiguration;
			buildSettings = {
				ALWAYS_SEARCH_USER_PATHS = NO;
				CLANG_CXX_LANGUAGE_STANDARD = "gnu++0x";
				CLANG_CXX_LIBRARY = "libc++";
				CLANG_ENABLE_MODULES = YES;
				CLANG_ENABLE_OBJC_ARC = YES;
				CLANG_WARN_BOOL_CONVERSION = YES;
				CLANG_WARN_CONSTANT_CONVERSION = YES;
				CLANG_WARN_DIRECT_OBJC_ISA_USAGE = YES_ERROR;
				CLANG_WARN_EMPTY_BODY = YES;
				CLANG_WARN_ENUM_CONVERSION = YES;
				CLANG_WARN_INT_CONVERSION = YES;
				CLANG_WARN_OBJC_ROOT_CLASS = YES_ERROR;
				CLANG_WARN_UNREACHABLE_CODE = YES;
				CLANG_WARN__DUPLICATE_METHOD_MATCH = YES;
				"CODE_SIGN_IDENTITY[sdk=iphoneos*]" = "iPhone Developer";
				COPY_PHASE_STRIP = NO;
				ENABLE_STRICT_OBJC_MSGSEND = YES;
				GCC_C_LANGUAGE_STANDARD = gnu99;
				GCC_DYNAMIC_NO_PIC = NO;
				GCC_OPTIMIZATION_LEVEL = 0;
				GCC_PREPROCESSOR_DEFINITIONS = (
					"DEBUG=1",
					"$(inherited)",
				);
				GCC_SYMBOLS_PRIVATE_EXTERN = NO;
				GCC_WARN_64_TO_32_BIT_CONVERSION = YES;
				GCC_WARN_ABOUT_RETURN_TYPE = YES_ERROR;
				GCC_WARN_UNDECLARED_SELECTOR = YES;
				GCC_WARN_UNINITIALIZED_AUTOS = YES_AGGRESSIVE;
				GCC_WARN_UNUSED_FUNCTION = YES;
				GCC_WARN_UNUSED_VARIABLE = YES;
				IPHONEOS_DEPLOYMENT_TARGET = 8.0;
				MTL_ENABLE_DEBUG_INFO = YES;
				ONLY_ACTIVE_ARCH = YES;
				SDKROOT = iphoneos;
				SWIFT_OPTIMIZATION_LEVEL = "-Onone";
			};
			name = Debug;
		};
		FDE52ACC1AC5422300902FF9 /* Release */ = {
			isa = XCBuildConfiguration;
			buildSettings = {
				ALWAYS_SEARCH_USER_PATHS = NO;
				CLANG_CXX_LANGUAGE_STANDARD = "gnu++0x";
				CLANG_CXX_LIBRARY = "libc++";
				CLANG_ENABLE_MODULES = YES;
				CLANG_ENABLE_OBJC_ARC = YES;
				CLANG_WARN_BOOL_CONVERSION = YES;
				CLANG_WARN_CONSTANT_CONVERSION = YES;
				CLANG_WARN_DIRECT_OBJC_ISA_USAGE = YES_ERROR;
				CLANG_WARN_EMPTY_BODY = YES;
				CLANG_WARN_ENUM_CONVERSION = YES;
				CLANG_WARN_INT_CONVERSION = YES;
				CLANG_WARN_OBJC_ROOT_CLASS = YES_ERROR;
				CLANG_WARN_UNREACHABLE_CODE = YES;
				CLANG_WARN__DUPLICATE_METHOD_MATCH = YES;
				"CODE_SIGN_IDENTITY[sdk=iphoneos*]" = "iPhone Developer";
				COPY_PHASE_STRIP = YES;
				ENABLE_NS_ASSERTIONS = NO;
				ENABLE_STRICT_OBJC_MSGSEND = YES;
				GCC_C_LANGUAGE_STANDARD = gnu99;
				GCC_WARN_64_TO_32_BIT_CONVERSION = YES;
				GCC_WARN_ABOUT_RETURN_TYPE = YES_ERROR;
				GCC_WARN_UNDECLARED_SELECTOR = YES;
				GCC_WARN_UNINITIALIZED_AUTOS = YES_AGGRESSIVE;
				GCC_WARN_UNUSED_FUNCTION = YES;
				GCC_WARN_UNUSED_VARIABLE = YES;
				IPHONEOS_DEPLOYMENT_TARGET = 8.0;
				MTL_ENABLE_DEBUG_INFO = NO;
				SDKROOT = iphoneos;
				VALIDATE_PRODUCT = YES;
			};
			name = Release;
		};
		FDE52ACE1AC5422300902FF9 /* Debug */ = {
			isa = XCBuildConfiguration;
			buildSettings = {
				ASSETCATALOG_COMPILER_APPICON_NAME = AppIcon;
				INFOPLIST_FILE = proto_As1/Info.plist;
				LD_RUNPATH_SEARCH_PATHS = "$(inherited) @executable_path/Frameworks";
				PRODUCT_NAME = "$(TARGET_NAME)";
			};
			name = Debug;
		};
		FDE52ACF1AC5422300902FF9 /* Release */ = {
			isa = XCBuildConfiguration;
			buildSettings = {
				ASSETCATALOG_COMPILER_APPICON_NAME = AppIcon;
				INFOPLIST_FILE = proto_As1/Info.plist;
				LD_RUNPATH_SEARCH_PATHS = "$(inherited) @executable_path/Frameworks";
				PRODUCT_NAME = "$(TARGET_NAME)";
			};
			name = Release;
		};
		FDE52AD11AC5422300902FF9 /* Debug */ = {
			isa = XCBuildConfiguration;
			buildSettings = {
				BUNDLE_LOADER = "$(TEST_HOST)";
				FRAMEWORK_SEARCH_PATHS = (
					"$(SDKROOT)/Developer/Library/Frameworks",
					"$(inherited)",
				);
				GCC_PREPROCESSOR_DEFINITIONS = (
					"DEBUG=1",
					"$(inherited)",
				);
				INFOPLIST_FILE = proto_As1Tests/Info.plist;
				LD_RUNPATH_SEARCH_PATHS = "$(inherited) @executable_path/Frameworks @loader_path/Frameworks";
				PRODUCT_NAME = "$(TARGET_NAME)";
				TEST_HOST = "$(BUILT_PRODUCTS_DIR)/proto_As1.app/proto_As1";
			};
			name = Debug;
		};
		FDE52AD21AC5422300902FF9 /* Release */ = {
			isa = XCBuildConfiguration;
			buildSettings = {
				BUNDLE_LOADER = "$(TEST_HOST)";
				FRAMEWORK_SEARCH_PATHS = (
					"$(SDKROOT)/Developer/Library/Frameworks",
					"$(inherited)",
				);
				INFOPLIST_FILE = proto_As1Tests/Info.plist;
				LD_RUNPATH_SEARCH_PATHS = "$(inherited) @executable_path/Frameworks @loader_path/Frameworks";
				PRODUCT_NAME = "$(TARGET_NAME)";
				TEST_HOST = "$(BUILT_PRODUCTS_DIR)/proto_As1.app/proto_As1";
			};
			name = Release;
		};
/* End XCBuildConfiguration section */

/* Begin XCConfigurationList section */
		FDE52AA91AC5422300902FF9 /* Build configuration list for PBXProject "proto_As1" */ = {
			isa = XCConfigurationList;
			buildConfigurations = (
				FDE52ACB1AC5422300902FF9 /* Debug */,
				FDE52ACC1AC5422300902FF9 /* Release */,
			);
			defaultConfigurationIsVisible = 0;
			defaultConfigurationName = Release;
		};
		FDE52ACD1AC5422300902FF9 /* Build configuration list for PBXNativeTarget "proto_As1" */ = {
			isa = XCConfigurationList;
			buildConfigurations = (
				FDE52ACE1AC5422300902FF9 /* Debug */,
				FDE52ACF1AC5422300902FF9 /* Release */,
			);
			defaultConfigurationIsVisible = 0;
		};
		FDE52AD01AC5422300902FF9 /* Build configuration list for PBXNativeTarget "proto_As1Tests" */ = {
			isa = XCConfigurationList;
			buildConfigurations = (
				FDE52AD11AC5422300902FF9 /* Debug */,
				FDE52AD21AC5422300902FF9 /* Release */,
			);
			defaultConfigurationIsVisible = 0;
		};
/* End XCConfigurationList section */
	};
	rootObject = FDE52AA61AC5422300902FF9 /* Project object */;
}
